// !$*UTF8*$!
{
	archiveVersion = 1;
	classes = {
	};
	objectVersion = 46;
	objects = {

/* Begin PBXBuildFile section */
		35E6E891C499F41FE6A10A53 /* libPods-iOS项目训练.a in Frameworks */ = {isa = PBXBuildFile; fileRef = 4DBDE1B4BB2EFFF4524CC609 /* libPods-iOS项目训练.a */; };
		36023EFC1D18C833004D9F12 /* CustomTableViewCell.m in Sources */ = {isa = PBXBuildFile; fileRef = 36023EFB1D18C833004D9F12 /* CustomTableViewCell.m */; };
		361594FB1D1818990033B85A /* FLViewController.m in Sources */ = {isa = PBXBuildFile; fileRef = 361594D61D1818990033B85A /* FLViewController.m */; };
		361594FC1D1818990033B85A /* GWCViewController.m in Sources */ = {isa = PBXBuildFile; fileRef = 361594DC1D1818990033B85A /* GWCViewController.m */; };
		361594FD1D1818990033B85A /* AppDelegate.m in Sources */ = {isa = PBXBuildFile; fileRef = 361594E11D1818990033B85A /* AppDelegate.m */; };
		361594FE1D1818990033B85A /* NavigationController.m in Sources */ = {isa = PBXBuildFile; fileRef = 361594E41D1818990033B85A /* NavigationController.m */; };
		361594FF1D1818990033B85A /* TabBarController.m in Sources */ = {isa = PBXBuildFile; fileRef = 361594E61D1818990033B85A /* TabBarController.m */; };
		361595001D1818990033B85A /* main.m in Sources */ = {isa = PBXBuildFile; fileRef = 361594E71D1818990033B85A /* main.m */; };
		361595011D1818990033B85A /* TabBarItemModel.m in Sources */ = {isa = PBXBuildFile; fileRef = 361594EA1D1818990033B85A /* TabBarItemModel.m */; };
		361595021D1818990033B85A /* WDViewController.m in Sources */ = {isa = PBXBuildFile; fileRef = 361594F01D1818990033B85A /* WDViewController.m */; };
		361595031D1818990033B85A /* DLView.m in Sources */ = {isa = PBXBuildFile; fileRef = 361594F21D1818990033B85A /* DLView.m */; };
		361595041D1818990033B85A /* XSGViewController.m in Sources */ = {isa = PBXBuildFile; fileRef = 361594F81D1818990033B85A /* XSGViewController.m */; };
		361595071D181E7C0033B85A /* FastLogin.m in Sources */ = {isa = PBXBuildFile; fileRef = 361595061D181E7C0033B85A /* FastLogin.m */; };
		3615950A1D182FA40033B85A /* Register.m in Sources */ = {isa = PBXBuildFile; fileRef = 361595091D182FA40033B85A /* Register.m */; };
		361595131D183BD30033B85A /* LoginViewController.m in Sources */ = {isa = PBXBuildFile; fileRef = 361595121D183BD30033B85A /* LoginViewController.m */; };
		361595161D183BE20033B85A /* RegisterViewController.m in Sources */ = {isa = PBXBuildFile; fileRef = 361595151D183BE20033B85A /* RegisterViewController.m */; };
		361986EC1D22117900FE19DA /* TwoButtonView.m in Sources */ = {isa = PBXBuildFile; fileRef = 361986EB1D22117900FE19DA /* TwoButtonView.m */; };
		361986EF1D221F2E00FE19DA /* SingleBuyModle.m in Sources */ = {isa = PBXBuildFile; fileRef = 361986EE1D221F2E00FE19DA /* SingleBuyModle.m */; };
		361986F21D221F9900FE19DA /* SingleBuyTableViewCell.m in Sources */ = {isa = PBXBuildFile; fileRef = 361986F11D221F9900FE19DA /* SingleBuyTableViewCell.m */; };
		361986F51D22230E00FE19DA /* GroupBuyModel.m in Sources */ = {isa = PBXBuildFile; fileRef = 361986F41D22230E00FE19DA /* GroupBuyModel.m */; };
		361986FD1D2227EF00FE19DA /* NSMutableAttributedString+Helper.m in Sources */ = {isa = PBXBuildFile; fileRef = 361986F81D2227EF00FE19DA /* NSMutableAttributedString+Helper.m */; };
		361986FE1D2227EF00FE19DA /* NSString+Helper.m in Sources */ = {isa = PBXBuildFile; fileRef = 361986FA1D2227EF00FE19DA /* NSString+Helper.m */; };
		361986FF1D2227EF00FE19DA /* UIImageView+SDWebImage.m in Sources */ = {isa = PBXBuildFile; fileRef = 361986FC1D2227EF00FE19DA /* UIImageView+SDWebImage.m */; };
		361987021D222B8300FE19DA /* TimerTableView.m in Sources */ = {isa = PBXBuildFile; fileRef = 361987011D222B8300FE19DA /* TimerTableView.m */; };
		361987AC1D227BC500FE19DA /* ClassCollectionModel.m in Sources */ = {isa = PBXBuildFile; fileRef = 361987AB1D227BC500FE19DA /* ClassCollectionModel.m */; };
		361987AF1D227C2A00FE19DA /* ClassCollectionViewCell.m in Sources */ = {isa = PBXBuildFile; fileRef = 361987AE1D227C2A00FE19DA /* ClassCollectionViewCell.m */; };
		361987B21D227F8C00FE19DA /* EffectClassModel.m in Sources */ = {isa = PBXBuildFile; fileRef = 361987B11D227F8C00FE19DA /* EffectClassModel.m */; };
		361987B51D22815400FE19DA /* EffectCollectionViewCell.m in Sources */ = {isa = PBXBuildFile; fileRef = 361987B41D22815400FE19DA /* EffectCollectionViewCell.m */; };
		361987B81D22960C00FE19DA /* HeadCollectionReusableView.m in Sources */ = {isa = PBXBuildFile; fileRef = 361987B71D22960C00FE19DA /* HeadCollectionReusableView.m */; };
		361987BB1D229B9700FE19DA /* ClassCollectionView.m in Sources */ = {isa = PBXBuildFile; fileRef = 361987BA1D229B9700FE19DA /* ClassCollectionView.m */; };
		363579991D236E98001B0DBE /* DetailHeadImage.m in Sources */ = {isa = PBXBuildFile; fileRef = 363579981D236E98001B0DBE /* DetailHeadImage.m */; };
		3635799C1D237639001B0DBE /* DetailsViewController.m in Sources */ = {isa = PBXBuildFile; fileRef = 3635799B1D237639001B0DBE /* DetailsViewController.m */; };
		3635799F1D23A073001B0DBE /* SecPartDetailModel.m in Sources */ = {isa = PBXBuildFile; fileRef = 3635799E1D23A073001B0DBE /* SecPartDetailModel.m */; };
		363579A21D23A27C001B0DBE /* SecPartDetailView.m in Sources */ = {isa = PBXBuildFile; fileRef = 363579A11D23A27C001B0DBE /* SecPartDetailView.m */; };
		363579A51D23A877001B0DBE /* DetailLabelModel.m in Sources */ = {isa = PBXBuildFile; fileRef = 363579A41D23A877001B0DBE /* DetailLabelModel.m */; };
		363579A81D23A8F2001B0DBE /* DetailAllLabelView.m in Sources */ = {isa = PBXBuildFile; fileRef = 363579A71D23A8F2001B0DBE /* DetailAllLabelView.m */; };
		363579AB1D23AA87001B0DBE /* GoodsImagListModel.m in Sources */ = {isa = PBXBuildFile; fileRef = 363579AA1D23AA87001B0DBE /* GoodsImagListModel.m */; };
		363579AE1D23AB75001B0DBE /* GoodsImageListView.m in Sources */ = {isa = PBXBuildFile; fileRef = 363579AD1D23AB75001B0DBE /* GoodsImageListView.m */; };
		363579B11D23AD5A001B0DBE /* ShoppingCar.m in Sources */ = {isa = PBXBuildFile; fileRef = 363579B01D23AD5A001B0DBE /* ShoppingCar.m */; };
		364AA56A1D21809B00750EC8 /* UIView+Toast.m in Sources */ = {isa = PBXBuildFile; fileRef = 364AA5691D21809B00750EC8 /* UIView+Toast.m */; };
		368942C41D20D03100479C0C /* BaseViewController.m in Sources */ = {isa = PBXBuildFile; fileRef = 368942C31D20D03100479C0C /* BaseViewController.m */; };
		368942CA1D20D3B800479C0C /* RegisterNextViewController.m in Sources */ = {isa = PBXBuildFile; fileRef = 368942C91D20D3B800479C0C /* RegisterNextViewController.m */; };
		368942CD1D20D78500479C0C /* RegisterNextView.m in Sources */ = {isa = PBXBuildFile; fileRef = 368942CC1D20D78500479C0C /* RegisterNextView.m */; };
		36A719BC1D19659A006A2499 /* UMSocialLocalizable.strings in Resources */ = {isa = PBXBuildFile; fileRef = 36A719A21D19659A006A2499 /* UMSocialLocalizable.strings */; };
		36A719BD1D19659A006A2499 /* libUMSocial_Sdk_5.2.1.a in Frameworks */ = {isa = PBXBuildFile; fileRef = 36A719B01D19659A006A2499 /* libUMSocial_Sdk_5.2.1.a */; };
		36A719BE1D19659A006A2499 /* UMSCommentDetailController.xib in Resources */ = {isa = PBXBuildFile; fileRef = 36A719B21D19659A006A2499 /* UMSCommentDetailController.xib */; };
		36A719BF1D19659A006A2499 /* UMSCommentInputController.xib in Resources */ = {isa = PBXBuildFile; fileRef = 36A719B31D19659A006A2499 /* UMSCommentInputController.xib */; };
		36A719C01D19659A006A2499 /* UMSCommentInputControlleriPad.xib in Resources */ = {isa = PBXBuildFile; fileRef = 36A719B41D19659A006A2499 /* UMSCommentInputControlleriPad.xib */; };
		36A719C11D19659A006A2499 /* UMShareEditViewController.xib in Resources */ = {isa = PBXBuildFile; fileRef = 36A719B51D19659A006A2499 /* UMShareEditViewController.xib */; };
		36A719C21D19659A006A2499 /* UMShareEditViewControlleriPad.xib in Resources */ = {isa = PBXBuildFile; fileRef = 36A719B61D19659A006A2499 /* UMShareEditViewControlleriPad.xib */; };
		36A719C31D19659A006A2499 /* UMSLoginViewController.xib in Resources */ = {isa = PBXBuildFile; fileRef = 36A719B71D19659A006A2499 /* UMSLoginViewController.xib */; };
		36A719C41D19659A006A2499 /* UMSnsAccountViewController.xib in Resources */ = {isa = PBXBuildFile; fileRef = 36A719B81D19659A006A2499 /* UMSnsAccountViewController.xib */; };
		36A719C51D19659A006A2499 /* UMSShareListController.xib in Resources */ = {isa = PBXBuildFile; fileRef = 36A719B91D19659A006A2499 /* UMSShareListController.xib */; };
		36A719C61D19659A006A2499 /* UMSocialSDKResourcesNew.bundle in Resources */ = {isa = PBXBuildFile; fileRef = 36A719BA1D19659A006A2499 /* UMSocialSDKResourcesNew.bundle */; };
		36A719E41D1965B2006A2499 /* libSocialSinaSSO.a in Frameworks */ = {isa = PBXBuildFile; fileRef = 36A719C81D1965B2006A2499 /* libSocialSinaSSO.a */; };
		36A719E51D1965B2006A2499 /* libWeiboSDK.a in Frameworks */ = {isa = PBXBuildFile; fileRef = 36A719C91D1965B2006A2499 /* libWeiboSDK.a */; };
		36A719E61D1965B2006A2499 /* WeiboSDK.bundle in Resources */ = {isa = PBXBuildFile; fileRef = 36A719D41D1965B2006A2499 /* WeiboSDK.bundle */; };
		36A719E71D1965B2006A2499 /* libSocialQQ.a in Frameworks */ = {isa = PBXBuildFile; fileRef = 36A719D81D1965B2006A2499 /* libSocialQQ.a */; };
		36A719E81D1965B2006A2499 /* TencentOpenAPI.framework in Frameworks */ = {isa = PBXBuildFile; fileRef = 36A719D91D1965B2006A2499 /* TencentOpenAPI.framework */; };
		36A719E91D1965B2006A2499 /* TencentOpenApi_IOS_Bundle.bundle in Resources */ = {isa = PBXBuildFile; fileRef = 36A719DA1D1965B2006A2499 /* TencentOpenApi_IOS_Bundle.bundle */; };
		36A719EA1D1965B2006A2499 /* libSocialWechat.a in Frameworks */ = {isa = PBXBuildFile; fileRef = 36A719DD1D1965B2006A2499 /* libSocialWechat.a */; };
		36A719EB1D1965B2006A2499 /* libWeChatSDK.a in Frameworks */ = {isa = PBXBuildFile; fileRef = 36A719DE1D1965B2006A2499 /* libWeChatSDK.a */; };
		36A719EC1D1965B2006A2499 /* README.txt in Resources */ = {isa = PBXBuildFile; fileRef = 36A719DF1D1965B2006A2499 /* README.txt */; };
		36A719EE1D19662E006A2499 /* SystemConfiguration.framework in Frameworks */ = {isa = PBXBuildFile; fileRef = 36A719ED1D19662E006A2499 /* SystemConfiguration.framework */; };
		36A719F01D196667006A2499 /* ImageIO.framework in Frameworks */ = {isa = PBXBuildFile; fileRef = 36A719EF1D196667006A2499 /* ImageIO.framework */; };
		36A719F21D196679006A2499 /* Security.framework in Frameworks */ = {isa = PBXBuildFile; fileRef = 36A719F11D196679006A2499 /* Security.framework */; };
		36A719F41D196687006A2499 /* libiconv.tbd in Frameworks */ = {isa = PBXBuildFile; fileRef = 36A719F31D196687006A2499 /* libiconv.tbd */; };
		36A719F61D19669F006A2499 /* CoreGraphics.framework in Frameworks */ = {isa = PBXBuildFile; fileRef = 36A719F51D19669F006A2499 /* CoreGraphics.framework */; };
		36A719F81D1966AB006A2499 /* libsqlite3.tbd in Frameworks */ = {isa = PBXBuildFile; fileRef = 36A719F71D1966AB006A2499 /* libsqlite3.tbd */; };
		36A719FA1D1966B8006A2499 /* CoreTelephony.framework in Frameworks */ = {isa = PBXBuildFile; fileRef = 36A719F91D1966B8006A2499 /* CoreTelephony.framework */; };
		36A719FC1D1966C3006A2499 /* libstdc++.tbd in Frameworks */ = {isa = PBXBuildFile; fileRef = 36A719FB1D1966C3006A2499 /* libstdc++.tbd */; };
		36A719FE1D1966CF006A2499 /* libz.tbd in Frameworks */ = {isa = PBXBuildFile; fileRef = 36A719FD1D1966CF006A2499 /* libz.tbd */; };
		36AFB2EA1D214C0900CB0230 /* GropBuyTableViewCell.m in Sources */ = {isa = PBXBuildFile; fileRef = 36AFB2E91D214C0900CB0230 /* GropBuyTableViewCell.m */; };
		36AFB30A1D215F7300CB0230 /* ScrollViewModel.m in Sources */ = {isa = PBXBuildFile; fileRef = 36AFB3091D215F7300CB0230 /* ScrollViewModel.m */; };
		36E3F5B71D1235C80018B20B /* iOS____.xcdatamodeld in Sources */ = {isa = PBXBuildFile; fileRef = 36E3F5B51D1235C80018B20B /* iOS____.xcdatamodeld */; };
		36E3F5B91D1235C80018B20B /* Assets.xcassets in Resources */ = {isa = PBXBuildFile; fileRef = 36E3F5B81D1235C80018B20B /* Assets.xcassets */; };
		36E3F5BC1D1235C80018B20B /* LaunchScreen.storyboard in Resources */ = {isa = PBXBuildFile; fileRef = 36E3F5BA1D1235C80018B20B /* LaunchScreen.storyboard */; };
		36E3F5C71D1235C90018B20B /* iOS____Tests.m in Sources */ = {isa = PBXBuildFile; fileRef = 36E3F5C61D1235C90018B20B /* iOS____Tests.m */; };
		36E3F5D21D1235C90018B20B /* iOS____UITests.m in Sources */ = {isa = PBXBuildFile; fileRef = 36E3F5D11D1235C90018B20B /* iOS____UITests.m */; };
		36E3F5E01D123C700018B20B /* TabBarControllers.plist in Resources */ = {isa = PBXBuildFile; fileRef = 36E3F5DF1D123C700018B20B /* TabBarControllers.plist */; };
/* End PBXBuildFile section */

/* Begin PBXContainerItemProxy section */
		36E3F5C31D1235C90018B20B /* PBXContainerItemProxy */ = {
			isa = PBXContainerItemProxy;
			containerPortal = 36E3F59E1D1235C80018B20B /* Project object */;
			proxyType = 1;
			remoteGlobalIDString = 36E3F5A51D1235C80018B20B;
			remoteInfo = "iOS项目训练";
		};
		36E3F5CE1D1235C90018B20B /* PBXContainerItemProxy */ = {
			isa = PBXContainerItemProxy;
			containerPortal = 36E3F59E1D1235C80018B20B /* Project object */;
			proxyType = 1;
			remoteGlobalIDString = 36E3F5A51D1235C80018B20B;
			remoteInfo = "iOS项目训练";
		};
/* End PBXContainerItemProxy section */

/* Begin PBXFileReference section */
		36023EFA1D18C833004D9F12 /* CustomTableViewCell.h */ = {isa = PBXFileReference; fileEncoding = 4; lastKnownFileType = sourcecode.c.h; path = CustomTableViewCell.h; sourceTree = "<group>"; };
		36023EFB1D18C833004D9F12 /* CustomTableViewCell.m */ = {isa = PBXFileReference; fileEncoding = 4; lastKnownFileType = sourcecode.c.objc; path = CustomTableViewCell.m; sourceTree = "<group>"; };
		361594D51D1818990033B85A /* FLViewController.h */ = {isa = PBXFileReference; fileEncoding = 4; lastKnownFileType = sourcecode.c.h; path = FLViewController.h; sourceTree = "<group>"; };
		361594D61D1818990033B85A /* FLViewController.m */ = {isa = PBXFileReference; fileEncoding = 4; lastKnownFileType = sourcecode.c.objc; path = FLViewController.m; sourceTree = "<group>"; };
		361594DB1D1818990033B85A /* GWCViewController.h */ = {isa = PBXFileReference; fileEncoding = 4; lastKnownFileType = sourcecode.c.h; name = GWCViewController.h; path = ../GWCViewController.h; sourceTree = "<group>"; };
		361594DC1D1818990033B85A /* GWCViewController.m */ = {isa = PBXFileReference; fileEncoding = 4; lastKnownFileType = sourcecode.c.objc; name = GWCViewController.m; path = ../GWCViewController.m; sourceTree = "<group>"; };
		361594E01D1818990033B85A /* AppDelegate.h */ = {isa = PBXFileReference; fileEncoding = 4; lastKnownFileType = sourcecode.c.h; path = AppDelegate.h; sourceTree = "<group>"; };
		361594E11D1818990033B85A /* AppDelegate.m */ = {isa = PBXFileReference; fileEncoding = 4; lastKnownFileType = sourcecode.c.objc; path = AppDelegate.m; sourceTree = "<group>"; };
		361594E31D1818990033B85A /* NavigationController.h */ = {isa = PBXFileReference; fileEncoding = 4; lastKnownFileType = sourcecode.c.h; path = NavigationController.h; sourceTree = "<group>"; };
		361594E41D1818990033B85A /* NavigationController.m */ = {isa = PBXFileReference; fileEncoding = 4; lastKnownFileType = sourcecode.c.objc; path = NavigationController.m; sourceTree = "<group>"; };
		361594E51D1818990033B85A /* TabBarController.h */ = {isa = PBXFileReference; fileEncoding = 4; lastKnownFileType = sourcecode.c.h; path = TabBarController.h; sourceTree = "<group>"; };
		361594E61D1818990033B85A /* TabBarController.m */ = {isa = PBXFileReference; fileEncoding = 4; lastKnownFileType = sourcecode.c.objc; path = TabBarController.m; sourceTree = "<group>"; };
		361594E71D1818990033B85A /* main.m */ = {isa = PBXFileReference; fileEncoding = 4; lastKnownFileType = sourcecode.c.objc; path = main.m; sourceTree = "<group>"; };
		361594E91D1818990033B85A /* TabBarItemModel.h */ = {isa = PBXFileReference; fileEncoding = 4; lastKnownFileType = sourcecode.c.h; path = TabBarItemModel.h; sourceTree = "<group>"; };
		361594EA1D1818990033B85A /* TabBarItemModel.m */ = {isa = PBXFileReference; fileEncoding = 4; lastKnownFileType = sourcecode.c.objc; path = TabBarItemModel.m; sourceTree = "<group>"; };
		361594EF1D1818990033B85A /* WDViewController.h */ = {isa = PBXFileReference; fileEncoding = 4; lastKnownFileType = sourcecode.c.h; path = WDViewController.h; sourceTree = "<group>"; };
		361594F01D1818990033B85A /* WDViewController.m */ = {isa = PBXFileReference; fileEncoding = 4; lastKnownFileType = sourcecode.c.objc; path = WDViewController.m; sourceTree = "<group>"; };
		361594F11D1818990033B85A /* DLView.h */ = {isa = PBXFileReference; fileEncoding = 4; lastKnownFileType = sourcecode.c.h; name = DLView.h; path = ../DLView.h; sourceTree = "<group>"; };
		361594F21D1818990033B85A /* DLView.m */ = {isa = PBXFileReference; fileEncoding = 4; lastKnownFileType = sourcecode.c.objc; name = DLView.m; path = ../DLView.m; sourceTree = "<group>"; };
		361594F71D1818990033B85A /* XSGViewController.h */ = {isa = PBXFileReference; fileEncoding = 4; lastKnownFileType = sourcecode.c.h; path = XSGViewController.h; sourceTree = "<group>"; };
		361594F81D1818990033B85A /* XSGViewController.m */ = {isa = PBXFileReference; fileEncoding = 4; lastKnownFileType = sourcecode.c.objc; path = XSGViewController.m; sourceTree = "<group>"; };
		361595051D181E7C0033B85A /* FastLogin.h */ = {isa = PBXFileReference; fileEncoding = 4; lastKnownFileType = sourcecode.c.h; name = FastLogin.h; path = ../View/FastLogin.h; sourceTree = "<group>"; };
		361595061D181E7C0033B85A /* FastLogin.m */ = {isa = PBXFileReference; fileEncoding = 4; lastKnownFileType = sourcecode.c.objc; name = FastLogin.m; path = ../View/FastLogin.m; sourceTree = "<group>"; };
		361595081D182FA40033B85A /* Register.h */ = {isa = PBXFileReference; fileEncoding = 4; lastKnownFileType = sourcecode.c.h; name = Register.h; path = ../View/Register.h; sourceTree = "<group>"; };
		361595091D182FA40033B85A /* Register.m */ = {isa = PBXFileReference; fileEncoding = 4; lastKnownFileType = sourcecode.c.objc; name = Register.m; path = ../View/Register.m; sourceTree = "<group>"; };
		361595111D183BD30033B85A /* LoginViewController.h */ = {isa = PBXFileReference; fileEncoding = 4; lastKnownFileType = sourcecode.c.h; path = LoginViewController.h; sourceTree = "<group>"; };
		361595121D183BD30033B85A /* LoginViewController.m */ = {isa = PBXFileReference; fileEncoding = 4; lastKnownFileType = sourcecode.c.objc; path = LoginViewController.m; sourceTree = "<group>"; };
		361595141D183BE20033B85A /* RegisterViewController.h */ = {isa = PBXFileReference; fileEncoding = 4; lastKnownFileType = sourcecode.c.h; path = RegisterViewController.h; sourceTree = "<group>"; };
		361595151D183BE20033B85A /* RegisterViewController.m */ = {isa = PBXFileReference; fileEncoding = 4; lastKnownFileType = sourcecode.c.objc; path = RegisterViewController.m; sourceTree = "<group>"; };
		361986EA1D22117900FE19DA /* TwoButtonView.h */ = {isa = PBXFileReference; fileEncoding = 4; lastKnownFileType = sourcecode.c.h; path = TwoButtonView.h; sourceTree = "<group>"; };
		361986EB1D22117900FE19DA /* TwoButtonView.m */ = {isa = PBXFileReference; fileEncoding = 4; lastKnownFileType = sourcecode.c.objc; path = TwoButtonView.m; sourceTree = "<group>"; };
		361986ED1D221F2E00FE19DA /* SingleBuyModle.h */ = {isa = PBXFileReference; fileEncoding = 4; lastKnownFileType = sourcecode.c.h; path = SingleBuyModle.h; sourceTree = "<group>"; };
		361986EE1D221F2E00FE19DA /* SingleBuyModle.m */ = {isa = PBXFileReference; fileEncoding = 4; lastKnownFileType = sourcecode.c.objc; path = SingleBuyModle.m; sourceTree = "<group>"; };
		361986F01D221F9900FE19DA /* SingleBuyTableViewCell.h */ = {isa = PBXFileReference; fileEncoding = 4; lastKnownFileType = sourcecode.c.h; path = SingleBuyTableViewCell.h; sourceTree = "<group>"; };
		361986F11D221F9900FE19DA /* SingleBuyTableViewCell.m */ = {isa = PBXFileReference; fileEncoding = 4; lastKnownFileType = sourcecode.c.objc; path = SingleBuyTableViewCell.m; sourceTree = "<group>"; };
		361986F31D22230E00FE19DA /* GroupBuyModel.h */ = {isa = PBXFileReference; fileEncoding = 4; lastKnownFileType = sourcecode.c.h; path = GroupBuyModel.h; sourceTree = "<group>"; };
		361986F41D22230E00FE19DA /* GroupBuyModel.m */ = {isa = PBXFileReference; fileEncoding = 4; lastKnownFileType = sourcecode.c.objc; path = GroupBuyModel.m; sourceTree = "<group>"; };
		361986F71D2227EF00FE19DA /* NSMutableAttributedString+Helper.h */ = {isa = PBXFileReference; fileEncoding = 4; lastKnownFileType = sourcecode.c.h; path = "NSMutableAttributedString+Helper.h"; sourceTree = "<group>"; };
		361986F81D2227EF00FE19DA /* NSMutableAttributedString+Helper.m */ = {isa = PBXFileReference; fileEncoding = 4; lastKnownFileType = sourcecode.c.objc; path = "NSMutableAttributedString+Helper.m"; sourceTree = "<group>"; };
		361986F91D2227EF00FE19DA /* NSString+Helper.h */ = {isa = PBXFileReference; fileEncoding = 4; lastKnownFileType = sourcecode.c.h; path = "NSString+Helper.h"; sourceTree = "<group>"; };
		361986FA1D2227EF00FE19DA /* NSString+Helper.m */ = {isa = PBXFileReference; fileEncoding = 4; lastKnownFileType = sourcecode.c.objc; path = "NSString+Helper.m"; sourceTree = "<group>"; };
		361986FB1D2227EF00FE19DA /* UIImageView+SDWebImage.h */ = {isa = PBXFileReference; fileEncoding = 4; lastKnownFileType = sourcecode.c.h; path = "UIImageView+SDWebImage.h"; sourceTree = "<group>"; };
		361986FC1D2227EF00FE19DA /* UIImageView+SDWebImage.m */ = {isa = PBXFileReference; fileEncoding = 4; lastKnownFileType = sourcecode.c.objc; path = "UIImageView+SDWebImage.m"; sourceTree = "<group>"; };
		361987001D222B8300FE19DA /* TimerTableView.h */ = {isa = PBXFileReference; fileEncoding = 4; lastKnownFileType = sourcecode.c.h; path = TimerTableView.h; sourceTree = "<group>"; };
		361987011D222B8300FE19DA /* TimerTableView.m */ = {isa = PBXFileReference; fileEncoding = 4; lastKnownFileType = sourcecode.c.objc; path = TimerTableView.m; sourceTree = "<group>"; };
		361987AA1D227BC500FE19DA /* ClassCollectionModel.h */ = {isa = PBXFileReference; fileEncoding = 4; lastKnownFileType = sourcecode.c.h; path = ClassCollectionModel.h; sourceTree = "<group>"; };
		361987AB1D227BC500FE19DA /* ClassCollectionModel.m */ = {isa = PBXFileReference; fileEncoding = 4; lastKnownFileType = sourcecode.c.objc; path = ClassCollectionModel.m; sourceTree = "<group>"; };
		361987AD1D227C2A00FE19DA /* ClassCollectionViewCell.h */ = {isa = PBXFileReference; fileEncoding = 4; lastKnownFileType = sourcecode.c.h; path = ClassCollectionViewCell.h; sourceTree = "<group>"; };
		361987AE1D227C2A00FE19DA /* ClassCollectionViewCell.m */ = {isa = PBXFileReference; fileEncoding = 4; lastKnownFileType = sourcecode.c.objc; path = ClassCollectionViewCell.m; sourceTree = "<group>"; };
		361987B01D227F8C00FE19DA /* EffectClassModel.h */ = {isa = PBXFileReference; fileEncoding = 4; lastKnownFileType = sourcecode.c.h; path = EffectClassModel.h; sourceTree = "<group>"; };
		361987B11D227F8C00FE19DA /* EffectClassModel.m */ = {isa = PBXFileReference; fileEncoding = 4; lastKnownFileType = sourcecode.c.objc; path = EffectClassModel.m; sourceTree = "<group>"; };
		361987B31D22815400FE19DA /* EffectCollectionViewCell.h */ = {isa = PBXFileReference; fileEncoding = 4; lastKnownFileType = sourcecode.c.h; path = EffectCollectionViewCell.h; sourceTree = "<group>"; };
		361987B41D22815400FE19DA /* EffectCollectionViewCell.m */ = {isa = PBXFileReference; fileEncoding = 4; lastKnownFileType = sourcecode.c.objc; path = EffectCollectionViewCell.m; sourceTree = "<group>"; };
		361987B61D22960C00FE19DA /* HeadCollectionReusableView.h */ = {isa = PBXFileReference; fileEncoding = 4; lastKnownFileType = sourcecode.c.h; path = HeadCollectionReusableView.h; sourceTree = "<group>"; };
		361987B71D22960C00FE19DA /* HeadCollectionReusableView.m */ = {isa = PBXFileReference; fileEncoding = 4; lastKnownFileType = sourcecode.c.objc; path = HeadCollectionReusableView.m; sourceTree = "<group>"; };
		361987B91D229B9700FE19DA /* ClassCollectionView.h */ = {isa = PBXFileReference; fileEncoding = 4; lastKnownFileType = sourcecode.c.h; path = ClassCollectionView.h; sourceTree = "<group>"; };
		361987BA1D229B9700FE19DA /* ClassCollectionView.m */ = {isa = PBXFileReference; fileEncoding = 4; lastKnownFileType = sourcecode.c.objc; path = ClassCollectionView.m; sourceTree = "<group>"; };
		363579971D236E98001B0DBE /* DetailHeadImage.h */ = {isa = PBXFileReference; fileEncoding = 4; lastKnownFileType = sourcecode.c.h; path = DetailHeadImage.h; sourceTree = "<group>"; };
		363579981D236E98001B0DBE /* DetailHeadImage.m */ = {isa = PBXFileReference; fileEncoding = 4; lastKnownFileType = sourcecode.c.objc; path = DetailHeadImage.m; sourceTree = "<group>"; };
		3635799A1D237639001B0DBE /* DetailsViewController.h */ = {isa = PBXFileReference; fileEncoding = 4; lastKnownFileType = sourcecode.c.h; path = DetailsViewController.h; sourceTree = "<group>"; };
		3635799B1D237639001B0DBE /* DetailsViewController.m */ = {isa = PBXFileReference; fileEncoding = 4; lastKnownFileType = sourcecode.c.objc; path = DetailsViewController.m; sourceTree = "<group>"; };
		3635799D1D23A073001B0DBE /* SecPartDetailModel.h */ = {isa = PBXFileReference; fileEncoding = 4; lastKnownFileType = sourcecode.c.h; path = SecPartDetailModel.h; sourceTree = "<group>"; };
		3635799E1D23A073001B0DBE /* SecPartDetailModel.m */ = {isa = PBXFileReference; fileEncoding = 4; lastKnownFileType = sourcecode.c.objc; path = SecPartDetailModel.m; sourceTree = "<group>"; };
		363579A01D23A27C001B0DBE /* SecPartDetailView.h */ = {isa = PBXFileReference; fileEncoding = 4; lastKnownFileType = sourcecode.c.h; path = SecPartDetailView.h; sourceTree = "<group>"; };
		363579A11D23A27C001B0DBE /* SecPartDetailView.m */ = {isa = PBXFileReference; fileEncoding = 4; lastKnownFileType = sourcecode.c.objc; path = SecPartDetailView.m; sourceTree = "<group>"; };
		363579A31D23A877001B0DBE /* DetailLabelModel.h */ = {isa = PBXFileReference; fileEncoding = 4; lastKnownFileType = sourcecode.c.h; path = DetailLabelModel.h; sourceTree = "<group>"; };
		363579A41D23A877001B0DBE /* DetailLabelModel.m */ = {isa = PBXFileReference; fileEncoding = 4; lastKnownFileType = sourcecode.c.objc; path = DetailLabelModel.m; sourceTree = "<group>"; };
		363579A61D23A8F2001B0DBE /* DetailAllLabelView.h */ = {isa = PBXFileReference; fileEncoding = 4; lastKnownFileType = sourcecode.c.h; path = DetailAllLabelView.h; sourceTree = "<group>"; };
		363579A71D23A8F2001B0DBE /* DetailAllLabelView.m */ = {isa = PBXFileReference; fileEncoding = 4; lastKnownFileType = sourcecode.c.objc; path = DetailAllLabelView.m; sourceTree = "<group>"; };
		363579A91D23AA87001B0DBE /* GoodsImagListModel.h */ = {isa = PBXFileReference; fileEncoding = 4; lastKnownFileType = sourcecode.c.h; path = GoodsImagListModel.h; sourceTree = "<group>"; };
		363579AA1D23AA87001B0DBE /* GoodsImagListModel.m */ = {isa = PBXFileReference; fileEncoding = 4; lastKnownFileType = sourcecode.c.objc; path = GoodsImagListModel.m; sourceTree = "<group>"; };
		363579AC1D23AB75001B0DBE /* GoodsImageListView.h */ = {isa = PBXFileReference; fileEncoding = 4; lastKnownFileType = sourcecode.c.h; path = GoodsImageListView.h; sourceTree = "<group>"; };
		363579AD1D23AB75001B0DBE /* GoodsImageListView.m */ = {isa = PBXFileReference; fileEncoding = 4; lastKnownFileType = sourcecode.c.objc; path = GoodsImageListView.m; sourceTree = "<group>"; };
		363579AF1D23AD5A001B0DBE /* ShoppingCar.h */ = {isa = PBXFileReference; fileEncoding = 4; lastKnownFileType = sourcecode.c.h; path = ShoppingCar.h; sourceTree = "<group>"; };
		363579B01D23AD5A001B0DBE /* ShoppingCar.m */ = {isa = PBXFileReference; fileEncoding = 4; lastKnownFileType = sourcecode.c.objc; path = ShoppingCar.m; sourceTree = "<group>"; };
		364AA5681D21809B00750EC8 /* UIView+Toast.h */ = {isa = PBXFileReference; fileEncoding = 4; lastKnownFileType = sourcecode.c.h; path = "UIView+Toast.h"; sourceTree = "<group>"; };
		364AA5691D21809B00750EC8 /* UIView+Toast.m */ = {isa = PBXFileReference; fileEncoding = 4; lastKnownFileType = sourcecode.c.objc; path = "UIView+Toast.m"; sourceTree = "<group>"; };
		368942C21D20D03100479C0C /* BaseViewController.h */ = {isa = PBXFileReference; fileEncoding = 4; lastKnownFileType = sourcecode.c.h; path = BaseViewController.h; sourceTree = "<group>"; };
		368942C31D20D03100479C0C /* BaseViewController.m */ = {isa = PBXFileReference; fileEncoding = 4; lastKnownFileType = sourcecode.c.objc; path = BaseViewController.m; sourceTree = "<group>"; };
		368942C81D20D3B800479C0C /* RegisterNextViewController.h */ = {isa = PBXFileReference; fileEncoding = 4; lastKnownFileType = sourcecode.c.h; path = RegisterNextViewController.h; sourceTree = "<group>"; };
		368942C91D20D3B800479C0C /* RegisterNextViewController.m */ = {isa = PBXFileReference; fileEncoding = 4; lastKnownFileType = sourcecode.c.objc; path = RegisterNextViewController.m; sourceTree = "<group>"; };
		368942CB1D20D78500479C0C /* RegisterNextView.h */ = {isa = PBXFileReference; fileEncoding = 4; lastKnownFileType = sourcecode.c.h; path = RegisterNextView.h; sourceTree = "<group>"; };
		368942CC1D20D78500479C0C /* RegisterNextView.m */ = {isa = PBXFileReference; fileEncoding = 4; lastKnownFileType = sourcecode.c.objc; path = RegisterNextView.m; sourceTree = "<group>"; };
		36A719A31D19659A006A2499 /* en */ = {isa = PBXFileReference; lastKnownFileType = text.plist.strings; name = en; path = en.lproj/UMSocialLocalizable.strings; sourceTree = "<group>"; };
		36A719A51D19659A006A2499 /* UMSocial.h */ = {isa = PBXFileReference; fileEncoding = 4; lastKnownFileType = sourcecode.c.h; path = UMSocial.h; sourceTree = "<group>"; };
		36A719A61D19659A006A2499 /* UMSocialAccountManager.h */ = {isa = PBXFileReference; fileEncoding = 4; lastKnownFileType = sourcecode.c.h; path = UMSocialAccountManager.h; sourceTree = "<group>"; };
		36A719A71D19659A006A2499 /* UMSocialBar.h */ = {isa = PBXFileReference; fileEncoding = 4; lastKnownFileType = sourcecode.c.h; path = UMSocialBar.h; sourceTree = "<group>"; };
		36A719A81D19659A006A2499 /* UMSocialConfig.h */ = {isa = PBXFileReference; fileEncoding = 4; lastKnownFileType = sourcecode.c.h; path = UMSocialConfig.h; sourceTree = "<group>"; };
		36A719A91D19659A006A2499 /* UMSocialControllerService.h */ = {isa = PBXFileReference; fileEncoding = 4; lastKnownFileType = sourcecode.c.h; path = UMSocialControllerService.h; sourceTree = "<group>"; };
		36A719AA1D19659A006A2499 /* UMSocialControllerServiceComment.h */ = {isa = PBXFileReference; fileEncoding = 4; lastKnownFileType = sourcecode.c.h; path = UMSocialControllerServiceComment.h; sourceTree = "<group>"; };
		36A719AB1D19659A006A2499 /* UMSocialData.h */ = {isa = PBXFileReference; fileEncoding = 4; lastKnownFileType = sourcecode.c.h; path = UMSocialData.h; sourceTree = "<group>"; };
		36A719AC1D19659A006A2499 /* UMSocialDataService.h */ = {isa = PBXFileReference; fileEncoding = 4; lastKnownFileType = sourcecode.c.h; path = UMSocialDataService.h; sourceTree = "<group>"; };
		36A719AD1D19659A006A2499 /* UMSocialSnsData.h */ = {isa = PBXFileReference; fileEncoding = 4; lastKnownFileType = sourcecode.c.h; path = UMSocialSnsData.h; sourceTree = "<group>"; };
		36A719AE1D19659A006A2499 /* UMSocialSnsPlatformManager.h */ = {isa = PBXFileReference; fileEncoding = 4; lastKnownFileType = sourcecode.c.h; path = UMSocialSnsPlatformManager.h; sourceTree = "<group>"; };
		36A719AF1D19659A006A2499 /* UMSocialSnsService.h */ = {isa = PBXFileReference; fileEncoding = 4; lastKnownFileType = sourcecode.c.h; path = UMSocialSnsService.h; sourceTree = "<group>"; };
		36A719B01D19659A006A2499 /* libUMSocial_Sdk_5.2.1.a */ = {isa = PBXFileReference; lastKnownFileType = archive.ar; path = libUMSocial_Sdk_5.2.1.a; sourceTree = "<group>"; };
		36A719B21D19659A006A2499 /* UMSCommentDetailController.xib */ = {isa = PBXFileReference; fileEncoding = 4; lastKnownFileType = file.xib; path = UMSCommentDetailController.xib; sourceTree = "<group>"; };
		36A719B31D19659A006A2499 /* UMSCommentInputController.xib */ = {isa = PBXFileReference; fileEncoding = 4; lastKnownFileType = file.xib; path = UMSCommentInputController.xib; sourceTree = "<group>"; };
		36A719B41D19659A006A2499 /* UMSCommentInputControlleriPad.xib */ = {isa = PBXFileReference; fileEncoding = 4; lastKnownFileType = file.xib; path = UMSCommentInputControlleriPad.xib; sourceTree = "<group>"; };
		36A719B51D19659A006A2499 /* UMShareEditViewController.xib */ = {isa = PBXFileReference; fileEncoding = 4; lastKnownFileType = file.xib; path = UMShareEditViewController.xib; sourceTree = "<group>"; };
		36A719B61D19659A006A2499 /* UMShareEditViewControlleriPad.xib */ = {isa = PBXFileReference; fileEncoding = 4; lastKnownFileType = file.xib; path = UMShareEditViewControlleriPad.xib; sourceTree = "<group>"; };
		36A719B71D19659A006A2499 /* UMSLoginViewController.xib */ = {isa = PBXFileReference; fileEncoding = 4; lastKnownFileType = file.xib; path = UMSLoginViewController.xib; sourceTree = "<group>"; };
		36A719B81D19659A006A2499 /* UMSnsAccountViewController.xib */ = {isa = PBXFileReference; fileEncoding = 4; lastKnownFileType = file.xib; path = UMSnsAccountViewController.xib; sourceTree = "<group>"; };
		36A719B91D19659A006A2499 /* UMSShareListController.xib */ = {isa = PBXFileReference; fileEncoding = 4; lastKnownFileType = file.xib; path = UMSShareListController.xib; sourceTree = "<group>"; };
		36A719BA1D19659A006A2499 /* UMSocialSDKResourcesNew.bundle */ = {isa = PBXFileReference; lastKnownFileType = "wrapper.plug-in"; path = UMSocialSDKResourcesNew.bundle; sourceTree = "<group>"; };
		36A719BB1D19659A006A2499 /* zh-Hans */ = {isa = PBXFileReference; lastKnownFileType = text.plist.strings; name = "zh-Hans"; path = "zh-Hans.lproj/UMSocialLocalizable.strings"; sourceTree = "<group>"; };
		36A719C81D1965B2006A2499 /* libSocialSinaSSO.a */ = {isa = PBXFileReference; lastKnownFileType = archive.ar; path = libSocialSinaSSO.a; sourceTree = "<group>"; };
		36A719C91D1965B2006A2499 /* libWeiboSDK.a */ = {isa = PBXFileReference; lastKnownFileType = archive.ar; path = libWeiboSDK.a; sourceTree = "<group>"; };
		36A719CA1D1965B2006A2499 /* UMSocialSinaSSOHandler.h */ = {isa = PBXFileReference; fileEncoding = 4; lastKnownFileType = sourcecode.c.h; path = UMSocialSinaSSOHandler.h; sourceTree = "<group>"; };
		36A719CB1D1965B2006A2499 /* WBHttpRequest+WeiboGame.h */ = {isa = PBXFileReference; fileEncoding = 4; lastKnownFileType = sourcecode.c.h; path = "WBHttpRequest+WeiboGame.h"; sourceTree = "<group>"; };
		36A719CC1D1965B2006A2499 /* WBHttpRequest+WeiboShare.h */ = {isa = PBXFileReference; fileEncoding = 4; lastKnownFileType = sourcecode.c.h; path = "WBHttpRequest+WeiboShare.h"; sourceTree = "<group>"; };
		36A719CD1D1965B2006A2499 /* WBHttpRequest+WeiboToken.h */ = {isa = PBXFileReference; fileEncoding = 4; lastKnownFileType = sourcecode.c.h; path = "WBHttpRequest+WeiboToken.h"; sourceTree = "<group>"; };
		36A719CE1D1965B2006A2499 /* WBHttpRequest+WeiboUser.h */ = {isa = PBXFileReference; fileEncoding = 4; lastKnownFileType = sourcecode.c.h; path = "WBHttpRequest+WeiboUser.h"; sourceTree = "<group>"; };
		36A719CF1D1965B2006A2499 /* WBHttpRequest.h */ = {isa = PBXFileReference; fileEncoding = 4; lastKnownFileType = sourcecode.c.h; path = WBHttpRequest.h; sourceTree = "<group>"; };
		36A719D01D1965B2006A2499 /* WBSDKBasicButton.h */ = {isa = PBXFileReference; fileEncoding = 4; lastKnownFileType = sourcecode.c.h; path = WBSDKBasicButton.h; sourceTree = "<group>"; };
		36A719D11D1965B2006A2499 /* WBSDKCommentButton.h */ = {isa = PBXFileReference; fileEncoding = 4; lastKnownFileType = sourcecode.c.h; path = WBSDKCommentButton.h; sourceTree = "<group>"; };
		36A719D21D1965B2006A2499 /* WBSDKRelationshipButton.h */ = {isa = PBXFileReference; fileEncoding = 4; lastKnownFileType = sourcecode.c.h; path = WBSDKRelationshipButton.h; sourceTree = "<group>"; };
		36A719D31D1965B2006A2499 /* WeiboSDK+Statistics.h */ = {isa = PBXFileReference; fileEncoding = 4; lastKnownFileType = sourcecode.c.h; path = "WeiboSDK+Statistics.h"; sourceTree = "<group>"; };
		36A719D41D1965B2006A2499 /* WeiboSDK.bundle */ = {isa = PBXFileReference; lastKnownFileType = "wrapper.plug-in"; path = WeiboSDK.bundle; sourceTree = "<group>"; };
		36A719D51D1965B2006A2499 /* WeiboSDK.h */ = {isa = PBXFileReference; fileEncoding = 4; lastKnownFileType = sourcecode.c.h; path = WeiboSDK.h; sourceTree = "<group>"; };
		36A719D61D1965B2006A2499 /* WeiboUser.h */ = {isa = PBXFileReference; fileEncoding = 4; lastKnownFileType = sourcecode.c.h; path = WeiboUser.h; sourceTree = "<group>"; };
		36A719D81D1965B2006A2499 /* libSocialQQ.a */ = {isa = PBXFileReference; lastKnownFileType = archive.ar; path = libSocialQQ.a; sourceTree = "<group>"; };
		36A719D91D1965B2006A2499 /* TencentOpenAPI.framework */ = {isa = PBXFileReference; lastKnownFileType = wrapper.framework; path = TencentOpenAPI.framework; sourceTree = "<group>"; };
		36A719DA1D1965B2006A2499 /* TencentOpenApi_IOS_Bundle.bundle */ = {isa = PBXFileReference; lastKnownFileType = "wrapper.plug-in"; path = TencentOpenApi_IOS_Bundle.bundle; sourceTree = "<group>"; };
		36A719DB1D1965B2006A2499 /* UMSocialQQHandler.h */ = {isa = PBXFileReference; fileEncoding = 4; lastKnownFileType = sourcecode.c.h; path = UMSocialQQHandler.h; sourceTree = "<group>"; };
		36A719DD1D1965B2006A2499 /* libSocialWechat.a */ = {isa = PBXFileReference; lastKnownFileType = archive.ar; path = libSocialWechat.a; sourceTree = "<group>"; };
		36A719DE1D1965B2006A2499 /* libWeChatSDK.a */ = {isa = PBXFileReference; lastKnownFileType = archive.ar; path = libWeChatSDK.a; sourceTree = "<group>"; };
		36A719DF1D1965B2006A2499 /* README.txt */ = {isa = PBXFileReference; fileEncoding = 4; lastKnownFileType = text; path = README.txt; sourceTree = "<group>"; };
		36A719E01D1965B2006A2499 /* UMSocialWechatHandler.h */ = {isa = PBXFileReference; fileEncoding = 4; lastKnownFileType = sourcecode.c.h; path = UMSocialWechatHandler.h; sourceTree = "<group>"; };
		36A719E11D1965B2006A2499 /* WechatAuthSDK.h */ = {isa = PBXFileReference; fileEncoding = 4; lastKnownFileType = sourcecode.c.h; path = WechatAuthSDK.h; sourceTree = "<group>"; };
		36A719E21D1965B2006A2499 /* WXApi.h */ = {isa = PBXFileReference; fileEncoding = 4; lastKnownFileType = sourcecode.c.h; path = WXApi.h; sourceTree = "<group>"; };
		36A719E31D1965B2006A2499 /* WXApiObject.h */ = {isa = PBXFileReference; fileEncoding = 4; lastKnownFileType = sourcecode.c.h; path = WXApiObject.h; sourceTree = "<group>"; };
		36A719ED1D19662E006A2499 /* SystemConfiguration.framework */ = {isa = PBXFileReference; lastKnownFileType = wrapper.framework; name = SystemConfiguration.framework; path = System/Library/Frameworks/SystemConfiguration.framework; sourceTree = SDKROOT; };
		36A719EF1D196667006A2499 /* ImageIO.framework */ = {isa = PBXFileReference; lastKnownFileType = wrapper.framework; name = ImageIO.framework; path = System/Library/Frameworks/ImageIO.framework; sourceTree = SDKROOT; };
		36A719F11D196679006A2499 /* Security.framework */ = {isa = PBXFileReference; lastKnownFileType = wrapper.framework; name = Security.framework; path = System/Library/Frameworks/Security.framework; sourceTree = SDKROOT; };
		36A719F31D196687006A2499 /* libiconv.tbd */ = {isa = PBXFileReference; lastKnownFileType = "sourcecode.text-based-dylib-definition"; name = libiconv.tbd; path = usr/lib/libiconv.tbd; sourceTree = SDKROOT; };
		36A719F51D19669F006A2499 /* CoreGraphics.framework */ = {isa = PBXFileReference; lastKnownFileType = wrapper.framework; name = CoreGraphics.framework; path = System/Library/Frameworks/CoreGraphics.framework; sourceTree = SDKROOT; };
		36A719F71D1966AB006A2499 /* libsqlite3.tbd */ = {isa = PBXFileReference; lastKnownFileType = "sourcecode.text-based-dylib-definition"; name = libsqlite3.tbd; path = usr/lib/libsqlite3.tbd; sourceTree = SDKROOT; };
		36A719F91D1966B8006A2499 /* CoreTelephony.framework */ = {isa = PBXFileReference; lastKnownFileType = wrapper.framework; name = CoreTelephony.framework; path = System/Library/Frameworks/CoreTelephony.framework; sourceTree = SDKROOT; };
		36A719FB1D1966C3006A2499 /* libstdc++.tbd */ = {isa = PBXFileReference; lastKnownFileType = "sourcecode.text-based-dylib-definition"; name = "libstdc++.tbd"; path = "usr/lib/libstdc++.tbd"; sourceTree = SDKROOT; };
		36A719FD1D1966CF006A2499 /* libz.tbd */ = {isa = PBXFileReference; lastKnownFileType = "sourcecode.text-based-dylib-definition"; name = libz.tbd; path = usr/lib/libz.tbd; sourceTree = SDKROOT; };
		36AFB2E81D214C0900CB0230 /* GropBuyTableViewCell.h */ = {isa = PBXFileReference; fileEncoding = 4; lastKnownFileType = sourcecode.c.h; path = GropBuyTableViewCell.h; sourceTree = "<group>"; };
		36AFB2E91D214C0900CB0230 /* GropBuyTableViewCell.m */ = {isa = PBXFileReference; fileEncoding = 4; lastKnownFileType = sourcecode.c.objc; path = GropBuyTableViewCell.m; sourceTree = "<group>"; };
		36AFB3081D215F7300CB0230 /* ScrollViewModel.h */ = {isa = PBXFileReference; fileEncoding = 4; lastKnownFileType = sourcecode.c.h; path = ScrollViewModel.h; sourceTree = "<group>"; };
		36AFB3091D215F7300CB0230 /* ScrollViewModel.m */ = {isa = PBXFileReference; fileEncoding = 4; lastKnownFileType = sourcecode.c.objc; path = ScrollViewModel.m; sourceTree = "<group>"; };
		36E3F5A61D1235C80018B20B /* iOS项目训练.app */ = {isa = PBXFileReference; explicitFileType = wrapper.application; includeInIndex = 0; path = "iOS项目训练.app"; sourceTree = BUILT_PRODUCTS_DIR; };
		36E3F5B61D1235C80018B20B /* iOS____.xcdatamodel */ = {isa = PBXFileReference; lastKnownFileType = wrapper.xcdatamodel; path = "iOS____.xcdatamodel"; sourceTree = "<group>"; };
		36E3F5B81D1235C80018B20B /* Assets.xcassets */ = {isa = PBXFileReference; lastKnownFileType = folder.assetcatalog; path = Assets.xcassets; sourceTree = "<group>"; };
		36E3F5BB1D1235C80018B20B /* Base */ = {isa = PBXFileReference; lastKnownFileType = file.storyboard; name = Base; path = Base.lproj/LaunchScreen.storyboard; sourceTree = "<group>"; };
		36E3F5BD1D1235C80018B20B /* Info.plist */ = {isa = PBXFileReference; lastKnownFileType = text.plist.xml; path = Info.plist; sourceTree = "<group>"; };
		36E3F5C21D1235C90018B20B /* iOS项目训练Tests.xctest */ = {isa = PBXFileReference; explicitFileType = wrapper.cfbundle; includeInIndex = 0; path = "iOS项目训练Tests.xctest"; sourceTree = BUILT_PRODUCTS_DIR; };
		36E3F5C61D1235C90018B20B /* iOS____Tests.m */ = {isa = PBXFileReference; lastKnownFileType = sourcecode.c.objc; path = "iOS____Tests.m"; sourceTree = "<group>"; };
		36E3F5C81D1235C90018B20B /* Info.plist */ = {isa = PBXFileReference; lastKnownFileType = text.plist.xml; path = Info.plist; sourceTree = "<group>"; };
		36E3F5CD1D1235C90018B20B /* iOS项目训练UITests.xctest */ = {isa = PBXFileReference; explicitFileType = wrapper.cfbundle; includeInIndex = 0; path = "iOS项目训练UITests.xctest"; sourceTree = BUILT_PRODUCTS_DIR; };
		36E3F5D11D1235C90018B20B /* iOS____UITests.m */ = {isa = PBXFileReference; lastKnownFileType = sourcecode.c.objc; path = "iOS____UITests.m"; sourceTree = "<group>"; };
		36E3F5D31D1235C90018B20B /* Info.plist */ = {isa = PBXFileReference; lastKnownFileType = text.plist.xml; path = Info.plist; sourceTree = "<group>"; };
		36E3F5DF1D123C700018B20B /* TabBarControllers.plist */ = {isa = PBXFileReference; fileEncoding = 4; lastKnownFileType = text.plist.xml; path = TabBarControllers.plist; sourceTree = "<group>"; };
		36E3F5F01D1256EE0018B20B /* PrefixHeader.pch */ = {isa = PBXFileReference; lastKnownFileType = sourcecode.c.h; name = PrefixHeader.pch; path = ../../PrefixHeader.pch; sourceTree = "<group>"; };
		4DBDE1B4BB2EFFF4524CC609 /* libPods-iOS项目训练.a */ = {isa = PBXFileReference; explicitFileType = archive.ar; includeInIndex = 0; path = "libPods-iOS项目训练.a"; sourceTree = BUILT_PRODUCTS_DIR; };
		A129741695A953345C7A92A0 /* Pods-iOS项目训练.debug.xcconfig */ = {isa = PBXFileReference; includeInIndex = 1; lastKnownFileType = text.xcconfig; name = "Pods-iOS项目训练.debug.xcconfig"; path = "Pods/Target Support Files/Pods-iOS项目训练/Pods-iOS项目训练.debug.xcconfig"; sourceTree = "<group>"; };
		BB8E233C26F38CDBA3A4DA61 /* Pods-iOS项目训练.release.xcconfig */ = {isa = PBXFileReference; includeInIndex = 1; lastKnownFileType = text.xcconfig; name = "Pods-iOS项目训练.release.xcconfig"; path = "Pods/Target Support Files/Pods-iOS项目训练/Pods-iOS项目训练.release.xcconfig"; sourceTree = "<group>"; };
/* End PBXFileReference section */

/* Begin PBXFrameworksBuildPhase section */
		36E3F5A31D1235C80018B20B /* Frameworks */ = {
			isa = PBXFrameworksBuildPhase;
			buildActionMask = 2147483647;
			files = (
				36A719FE1D1966CF006A2499 /* libz.tbd in Frameworks */,
				36A719FC1D1966C3006A2499 /* libstdc++.tbd in Frameworks */,
				36A719FA1D1966B8006A2499 /* CoreTelephony.framework in Frameworks */,
				36A719F81D1966AB006A2499 /* libsqlite3.tbd in Frameworks */,
				36A719F61D19669F006A2499 /* CoreGraphics.framework in Frameworks */,
				36A719EE1D19662E006A2499 /* SystemConfiguration.framework in Frameworks */,
				36A719F41D196687006A2499 /* libiconv.tbd in Frameworks */,
				36A719F21D196679006A2499 /* Security.framework in Frameworks */,
				36A719F01D196667006A2499 /* ImageIO.framework in Frameworks */,
				36A719E71D1965B2006A2499 /* libSocialQQ.a in Frameworks */,
				36A719E81D1965B2006A2499 /* TencentOpenAPI.framework in Frameworks */,
				36A719EB1D1965B2006A2499 /* libWeChatSDK.a in Frameworks */,
				36A719BD1D19659A006A2499 /* libUMSocial_Sdk_5.2.1.a in Frameworks */,
				35E6E891C499F41FE6A10A53 /* libPods-iOS项目训练.a in Frameworks */,
				36A719E41D1965B2006A2499 /* libSocialSinaSSO.a in Frameworks */,
				36A719E51D1965B2006A2499 /* libWeiboSDK.a in Frameworks */,
				36A719EA1D1965B2006A2499 /* libSocialWechat.a in Frameworks */,
			);
			runOnlyForDeploymentPostprocessing = 0;
		};
		36E3F5BF1D1235C90018B20B /* Frameworks */ = {
			isa = PBXFrameworksBuildPhase;
			buildActionMask = 2147483647;
			files = (
			);
			runOnlyForDeploymentPostprocessing = 0;
		};
		36E3F5CA1D1235C90018B20B /* Frameworks */ = {
			isa = PBXFrameworksBuildPhase;
			buildActionMask = 2147483647;
			files = (
			);
			runOnlyForDeploymentPostprocessing = 0;
		};
/* End PBXFrameworksBuildPhase section */

/* Begin PBXGroup section */
		314269F12094980F76DF21C3 /* Frameworks */ = {
			isa = PBXGroup;
			children = (
				36A719FD1D1966CF006A2499 /* libz.tbd */,
				36A719FB1D1966C3006A2499 /* libstdc++.tbd */,
				36A719F91D1966B8006A2499 /* CoreTelephony.framework */,
				36A719F71D1966AB006A2499 /* libsqlite3.tbd */,
				36A719F51D19669F006A2499 /* CoreGraphics.framework */,
				36A719F31D196687006A2499 /* libiconv.tbd */,
				36A719F11D196679006A2499 /* Security.framework */,
				36A719EF1D196667006A2499 /* ImageIO.framework */,
				36A719ED1D19662E006A2499 /* SystemConfiguration.framework */,
				4DBDE1B4BB2EFFF4524CC609 /* libPods-iOS项目训练.a */,
			);
			name = Frameworks;
			sourceTree = "<group>";
		};
		361594D21D1818990033B85A /* Class */ = {
			isa = PBXGroup;
			children = (
				363579931D236C69001B0DBE /* Details-商品详情 */,
				361594F51D1818990033B85A /* XSG-限时购 */,
				361594D31D1818990033B85A /* FL－分类 */,
				361594D91D1818990033B85A /* GWC-购物车 */,
				361594ED1D1818990033B85A /* WD-我的 */,
				361594DF1D1818990033B85A /* QT-其他 */,
			);
			path = Class;
			sourceTree = "<group>";
		};
		361594D31D1818990033B85A /* FL－分类 */ = {
			isa = PBXGroup;
			children = (
				361594D41D1818990033B85A /* Controller */,
				361594D71D1818990033B85A /* Modle */,
				361594D81D1818990033B85A /* View */,
			);
			path = "FL－分类";
			sourceTree = "<group>";
		};
		361594D41D1818990033B85A /* Controller */ = {
			isa = PBXGroup;
			children = (
				361594D51D1818990033B85A /* FLViewController.h */,
				361594D61D1818990033B85A /* FLViewController.m */,
			);
			path = Controller;
			sourceTree = "<group>";
		};
		361594D71D1818990033B85A /* Modle */ = {
			isa = PBXGroup;
			children = (
				361987AA1D227BC500FE19DA /* ClassCollectionModel.h */,
				361987AB1D227BC500FE19DA /* ClassCollectionModel.m */,
				361987B01D227F8C00FE19DA /* EffectClassModel.h */,
				361987B11D227F8C00FE19DA /* EffectClassModel.m */,
			);
			path = Modle;
			sourceTree = "<group>";
		};
		361594D81D1818990033B85A /* View */ = {
			isa = PBXGroup;
			children = (
				361987AD1D227C2A00FE19DA /* ClassCollectionViewCell.h */,
				361987AE1D227C2A00FE19DA /* ClassCollectionViewCell.m */,
				361987B31D22815400FE19DA /* EffectCollectionViewCell.h */,
				361987B41D22815400FE19DA /* EffectCollectionViewCell.m */,
				361987B61D22960C00FE19DA /* HeadCollectionReusableView.h */,
				361987B71D22960C00FE19DA /* HeadCollectionReusableView.m */,
				361987B91D229B9700FE19DA /* ClassCollectionView.h */,
				361987BA1D229B9700FE19DA /* ClassCollectionView.m */,
			);
			path = View;
			sourceTree = "<group>";
		};
		361594D91D1818990033B85A /* GWC-购物车 */ = {
			isa = PBXGroup;
			children = (
				361594DA1D1818990033B85A /* Controller */,
				361594DD1D1818990033B85A /* Modle */,
				361594DE1D1818990033B85A /* View */,
			);
			path = "GWC-购物车";
			sourceTree = "<group>";
		};
		361594DA1D1818990033B85A /* Controller */ = {
			isa = PBXGroup;
			children = (
				361594DB1D1818990033B85A /* GWCViewController.h */,
				361594DC1D1818990033B85A /* GWCViewController.m */,
			);
			path = Controller;
			sourceTree = "<group>";
		};
		361594DD1D1818990033B85A /* Modle */ = {
			isa = PBXGroup;
			children = (
			);
			path = Modle;
			sourceTree = "<group>";
		};
		361594DE1D1818990033B85A /* View */ = {
			isa = PBXGroup;
			children = (
			);
			path = View;
			sourceTree = "<group>";
		};
		361594DF1D1818990033B85A /* QT-其他 */ = {
			isa = PBXGroup;
			children = (
				361594E01D1818990033B85A /* AppDelegate.h */,
				361594E11D1818990033B85A /* AppDelegate.m */,
				36E3F5F01D1256EE0018B20B /* PrefixHeader.pch */,
				361594E71D1818990033B85A /* main.m */,
				361986F61D2227AA00FE19DA /* 工具类 */,
				361594E21D1818990033B85A /* Controller */,
				361594EC1D1818990033B85A /* View */,
			);
			path = "QT-其他";
			sourceTree = "<group>";
		};
		361594E21D1818990033B85A /* Controller */ = {
			isa = PBXGroup;
			children = (
				361594E31D1818990033B85A /* NavigationController.h */,
				361594E41D1818990033B85A /* NavigationController.m */,
				361594E51D1818990033B85A /* TabBarController.h */,
				361594E61D1818990033B85A /* TabBarController.m */,
				368942C21D20D03100479C0C /* BaseViewController.h */,
				368942C31D20D03100479C0C /* BaseViewController.m */,
			);
			path = Controller;
			sourceTree = "<group>";
		};
		361594E81D1818990033B85A /* Modle */ = {
			isa = PBXGroup;
			children = (
				361594E91D1818990033B85A /* TabBarItemModel.h */,
				361594EA1D1818990033B85A /* TabBarItemModel.m */,
			);
			name = Modle;
			path = "../QT-其他/Modle";
			sourceTree = "<group>";
		};
		361594EC1D1818990033B85A /* View */ = {
			isa = PBXGroup;
			children = (
			);
			path = View;
			sourceTree = "<group>";
		};
		361594ED1D1818990033B85A /* WD-我的 */ = {
			isa = PBXGroup;
			children = (
				368942C71D20D2E600479C0C /* 注册 */,
				368942C61D20D29E00479C0C /* 登陆 */,
				361594EE1D1818990033B85A /* Controller */,
				361594E81D1818990033B85A /* Modle */,
				361594F41D1818990033B85A /* View */,
			);
			path = "WD-我的";
			sourceTree = "<group>";
		};
		361594EE1D1818990033B85A /* Controller */ = {
			isa = PBXGroup;
			children = (
				361594EF1D1818990033B85A /* WDViewController.h */,
				361594F01D1818990033B85A /* WDViewController.m */,
			);
			path = Controller;
			sourceTree = "<group>";
		};
		361594F41D1818990033B85A /* View */ = {
			isa = PBXGroup;
			children = (
				36023EFA1D18C833004D9F12 /* CustomTableViewCell.h */,
				36023EFB1D18C833004D9F12 /* CustomTableViewCell.m */,
			);
			path = View;
			sourceTree = "<group>";
		};
		361594F51D1818990033B85A /* XSG-限时购 */ = {
			isa = PBXGroup;
			children = (
				361594F61D1818990033B85A /* Controller */,
				361594F91D1818990033B85A /* Modle */,
				361594FA1D1818990033B85A /* View */,
			);
			path = "XSG-限时购";
			sourceTree = "<group>";
		};
		361594F61D1818990033B85A /* Controller */ = {
			isa = PBXGroup;
			children = (
				361594F71D1818990033B85A /* XSGViewController.h */,
				361594F81D1818990033B85A /* XSGViewController.m */,
			);
			path = Controller;
			sourceTree = "<group>";
		};
		361594F91D1818990033B85A /* Modle */ = {
			isa = PBXGroup;
			children = (
				36AFB3081D215F7300CB0230 /* ScrollViewModel.h */,
				36AFB3091D215F7300CB0230 /* ScrollViewModel.m */,
				361986ED1D221F2E00FE19DA /* SingleBuyModle.h */,
				361986EE1D221F2E00FE19DA /* SingleBuyModle.m */,
				361986F31D22230E00FE19DA /* GroupBuyModel.h */,
				361986F41D22230E00FE19DA /* GroupBuyModel.m */,
			);
			path = Modle;
			sourceTree = "<group>";
		};
		361594FA1D1818990033B85A /* View */ = {
			isa = PBXGroup;
			children = (
				36AFB2E81D214C0900CB0230 /* GropBuyTableViewCell.h */,
				36AFB2E91D214C0900CB0230 /* GropBuyTableViewCell.m */,
				361986EA1D22117900FE19DA /* TwoButtonView.h */,
				361986EB1D22117900FE19DA /* TwoButtonView.m */,
				361986F01D221F9900FE19DA /* SingleBuyTableViewCell.h */,
				361986F11D221F9900FE19DA /* SingleBuyTableViewCell.m */,
				361987001D222B8300FE19DA /* TimerTableView.h */,
				361987011D222B8300FE19DA /* TimerTableView.m */,
			);
			path = View;
			sourceTree = "<group>";
		};
		361986F61D2227AA00FE19DA /* 工具类 */ = {
			isa = PBXGroup;
			children = (
				361986F71D2227EF00FE19DA /* NSMutableAttributedString+Helper.h */,
				361986F81D2227EF00FE19DA /* NSMutableAttributedString+Helper.m */,
				361986F91D2227EF00FE19DA /* NSString+Helper.h */,
				361986FA1D2227EF00FE19DA /* NSString+Helper.m */,
				361986FB1D2227EF00FE19DA /* UIImageView+SDWebImage.h */,
				361986FC1D2227EF00FE19DA /* UIImageView+SDWebImage.m */,
				364AA5681D21809B00750EC8 /* UIView+Toast.h */,
				364AA5691D21809B00750EC8 /* UIView+Toast.m */,
			);
			name = "工具类";
			sourceTree = "<group>";
		};
		363579931D236C69001B0DBE /* Details-商品详情 */ = {
			isa = PBXGroup;
			children = (
				363579941D236CDA001B0DBE /* Controller */,
				363579961D236D0B001B0DBE /* View */,
				363579951D236CF1001B0DBE /* Model */,
			);
			name = "Details-商品详情";
			sourceTree = "<group>";
		};
		363579941D236CDA001B0DBE /* Controller */ = {
			isa = PBXGroup;
			children = (
				3635799A1D237639001B0DBE /* DetailsViewController.h */,
				3635799B1D237639001B0DBE /* DetailsViewController.m */,
			);
			name = Controller;
			sourceTree = "<group>";
		};
		363579951D236CF1001B0DBE /* Model */ = {
			isa = PBXGroup;
			children = (
				3635799D1D23A073001B0DBE /* SecPartDetailModel.h */,
				3635799E1D23A073001B0DBE /* SecPartDetailModel.m */,
				363579A31D23A877001B0DBE /* DetailLabelModel.h */,
				363579A41D23A877001B0DBE /* DetailLabelModel.m */,
				363579A91D23AA87001B0DBE /* GoodsImagListModel.h */,
				363579AA1D23AA87001B0DBE /* GoodsImagListModel.m */,
			);
			name = Model;
			sourceTree = "<group>";
		};
		363579961D236D0B001B0DBE /* View */ = {
			isa = PBXGroup;
			children = (
				363579971D236E98001B0DBE /* DetailHeadImage.h */,
				363579981D236E98001B0DBE /* DetailHeadImage.m */,
				363579A01D23A27C001B0DBE /* SecPartDetailView.h */,
				363579A11D23A27C001B0DBE /* SecPartDetailView.m */,
				363579A61D23A8F2001B0DBE /* DetailAllLabelView.h */,
				363579A71D23A8F2001B0DBE /* DetailAllLabelView.m */,
				363579AC1D23AB75001B0DBE /* GoodsImageListView.h */,
				363579AD1D23AB75001B0DBE /* GoodsImageListView.m */,
				363579AF1D23AD5A001B0DBE /* ShoppingCar.h */,
				363579B01D23AD5A001B0DBE /* ShoppingCar.m */,
			);
			name = View;
			sourceTree = "<group>";
		};
		368942C61D20D29E00479C0C /* 登陆 */ = {
			isa = PBXGroup;
			children = (
				361594F11D1818990033B85A /* DLView.h */,
				361594F21D1818990033B85A /* DLView.m */,
				361595061D181E7C0033B85A /* FastLogin.m */,
				361595051D181E7C0033B85A /* FastLogin.h */,
				361595121D183BD30033B85A /* LoginViewController.m */,
				361595111D183BD30033B85A /* LoginViewController.h */,
			);
			name = "登陆";
			path = Controller;
			sourceTree = "<group>";
		};
		368942C71D20D2E600479C0C /* 注册 */ = {
			isa = PBXGroup;
			children = (
				361595081D182FA40033B85A /* Register.h */,
				361595091D182FA40033B85A /* Register.m */,
				368942CB1D20D78500479C0C /* RegisterNextView.h */,
				368942CC1D20D78500479C0C /* RegisterNextView.m */,
				361595141D183BE20033B85A /* RegisterViewController.h */,
				361595151D183BE20033B85A /* RegisterViewController.m */,
				368942C81D20D3B800479C0C /* RegisterNextViewController.h */,
				368942C91D20D3B800479C0C /* RegisterNextViewController.m */,
			);
			name = "注册";
			path = Controller;
			sourceTree = "<group>";
		};
		36A719A11D19659A006A2499 /* UMSocial_Sdk_5.2.1 */ = {
			isa = PBXGroup;
			children = (
				36A719A21D19659A006A2499 /* UMSocialLocalizable.strings */,
				36A719A41D19659A006A2499 /* Header */,
				36A719B01D19659A006A2499 /* libUMSocial_Sdk_5.2.1.a */,
				36A719B11D19659A006A2499 /* SocialSDKXib */,
				36A719BA1D19659A006A2499 /* UMSocialSDKResourcesNew.bundle */,
			);
			path = UMSocial_Sdk_5.2.1;
			sourceTree = "<group>";
		};
		36A719A41D19659A006A2499 /* Header */ = {
			isa = PBXGroup;
			children = (
				36A719A51D19659A006A2499 /* UMSocial.h */,
				36A719A61D19659A006A2499 /* UMSocialAccountManager.h */,
				36A719A71D19659A006A2499 /* UMSocialBar.h */,
				36A719A81D19659A006A2499 /* UMSocialConfig.h */,
				36A719A91D19659A006A2499 /* UMSocialControllerService.h */,
				36A719AA1D19659A006A2499 /* UMSocialControllerServiceComment.h */,
				36A719AB1D19659A006A2499 /* UMSocialData.h */,
				36A719AC1D19659A006A2499 /* UMSocialDataService.h */,
				36A719AD1D19659A006A2499 /* UMSocialSnsData.h */,
				36A719AE1D19659A006A2499 /* UMSocialSnsPlatformManager.h */,
				36A719AF1D19659A006A2499 /* UMSocialSnsService.h */,
			);
			path = Header;
			sourceTree = "<group>";
		};
		36A719B11D19659A006A2499 /* SocialSDKXib */ = {
			isa = PBXGroup;
			children = (
				36A719B21D19659A006A2499 /* UMSCommentDetailController.xib */,
				36A719B31D19659A006A2499 /* UMSCommentInputController.xib */,
				36A719B41D19659A006A2499 /* UMSCommentInputControlleriPad.xib */,
				36A719B51D19659A006A2499 /* UMShareEditViewController.xib */,
				36A719B61D19659A006A2499 /* UMShareEditViewControlleriPad.xib */,
				36A719B71D19659A006A2499 /* UMSLoginViewController.xib */,
				36A719B81D19659A006A2499 /* UMSnsAccountViewController.xib */,
				36A719B91D19659A006A2499 /* UMSShareListController.xib */,
			);
			path = SocialSDKXib;
			sourceTree = "<group>";
		};
		36A719C71D1965B2006A2499 /* SinaSSO */ = {
			isa = PBXGroup;
			children = (
				36A719C81D1965B2006A2499 /* libSocialSinaSSO.a */,
				36A719C91D1965B2006A2499 /* libWeiboSDK.a */,
				36A719CA1D1965B2006A2499 /* UMSocialSinaSSOHandler.h */,
				36A719CB1D1965B2006A2499 /* WBHttpRequest+WeiboGame.h */,
				36A719CC1D1965B2006A2499 /* WBHttpRequest+WeiboShare.h */,
				36A719CD1D1965B2006A2499 /* WBHttpRequest+WeiboToken.h */,
				36A719CE1D1965B2006A2499 /* WBHttpRequest+WeiboUser.h */,
				36A719CF1D1965B2006A2499 /* WBHttpRequest.h */,
				36A719D01D1965B2006A2499 /* WBSDKBasicButton.h */,
				36A719D11D1965B2006A2499 /* WBSDKCommentButton.h */,
				36A719D21D1965B2006A2499 /* WBSDKRelationshipButton.h */,
				36A719D31D1965B2006A2499 /* WeiboSDK+Statistics.h */,
				36A719D41D1965B2006A2499 /* WeiboSDK.bundle */,
				36A719D51D1965B2006A2499 /* WeiboSDK.h */,
				36A719D61D1965B2006A2499 /* WeiboUser.h */,
			);
			path = SinaSSO;
			sourceTree = "<group>";
		};
		36A719D71D1965B2006A2499 /* TencentOpenAPI */ = {
			isa = PBXGroup;
			children = (
				36A719D81D1965B2006A2499 /* libSocialQQ.a */,
				36A719D91D1965B2006A2499 /* TencentOpenAPI.framework */,
				36A719DA1D1965B2006A2499 /* TencentOpenApi_IOS_Bundle.bundle */,
				36A719DB1D1965B2006A2499 /* UMSocialQQHandler.h */,
			);
			path = TencentOpenAPI;
			sourceTree = "<group>";
		};
		36A719DC1D1965B2006A2499 /* Wechat */ = {
			isa = PBXGroup;
			children = (
				36A719DD1D1965B2006A2499 /* libSocialWechat.a */,
				36A719DE1D1965B2006A2499 /* libWeChatSDK.a */,
				36A719DF1D1965B2006A2499 /* README.txt */,
				36A719E01D1965B2006A2499 /* UMSocialWechatHandler.h */,
				36A719E11D1965B2006A2499 /* WechatAuthSDK.h */,
				36A719E21D1965B2006A2499 /* WXApi.h */,
				36A719E31D1965B2006A2499 /* WXApiObject.h */,
			);
			path = Wechat;
			sourceTree = "<group>";
		};
		36E3F59D1D1235C80018B20B = {
			isa = PBXGroup;
			children = (
				36A719C71D1965B2006A2499 /* SinaSSO */,
				36A719D71D1965B2006A2499 /* TencentOpenAPI */,
				36A719DC1D1965B2006A2499 /* Wechat */,
				36A719A11D19659A006A2499 /* UMSocial_Sdk_5.2.1 */,
				36E3F5A81D1235C80018B20B /* iOS项目训练 */,
				36E3F5C51D1235C90018B20B /* iOS项目训练Tests */,
				36E3F5D01D1235C90018B20B /* iOS项目训练UITests */,
				36E3F5A71D1235C80018B20B /* Products */,
				59BF8747BBCF72CA12C851A3 /* Pods */,
				314269F12094980F76DF21C3 /* Frameworks */,
			);
			sourceTree = "<group>";
		};
		36E3F5A71D1235C80018B20B /* Products */ = {
			isa = PBXGroup;
			children = (
				36E3F5A61D1235C80018B20B /* iOS项目训练.app */,
				36E3F5C21D1235C90018B20B /* iOS项目训练Tests.xctest */,
				36E3F5CD1D1235C90018B20B /* iOS项目训练UITests.xctest */,
			);
			name = Products;
			sourceTree = "<group>";
		};
		36E3F5A81D1235C80018B20B /* iOS项目训练 */ = {
			isa = PBXGroup;
			children = (
				361594D21D1818990033B85A /* Class */,
				36E3F5E21D12468E0018B20B /* Sources */,
				36E3F5A91D1235C80018B20B /* Supporting Files */,
			);
			path = "iOS项目训练";
			sourceTree = "<group>";
		};
		36E3F5A91D1235C80018B20B /* Supporting Files */ = {
			isa = PBXGroup;
			children = (
				36E3F5B51D1235C80018B20B /* iOS____.xcdatamodeld */,
				36E3F5BA1D1235C80018B20B /* LaunchScreen.storyboard */,
				36E3F5BD1D1235C80018B20B /* Info.plist */,
			);
			name = "Supporting Files";
			sourceTree = "<group>";
		};
		36E3F5C51D1235C90018B20B /* iOS项目训练Tests */ = {
			isa = PBXGroup;
			children = (
				36E3F5C61D1235C90018B20B /* iOS____Tests.m */,
				36E3F5C81D1235C90018B20B /* Info.plist */,
			);
			path = "iOS项目训练Tests";
			sourceTree = "<group>";
		};
		36E3F5D01D1235C90018B20B /* iOS项目训练UITests */ = {
			isa = PBXGroup;
			children = (
				36E3F5D11D1235C90018B20B /* iOS____UITests.m */,
				36E3F5D31D1235C90018B20B /* Info.plist */,
			);
			path = "iOS项目训练UITests";
			sourceTree = "<group>";
		};
		36E3F5E21D12468E0018B20B /* Sources */ = {
			isa = PBXGroup;
			children = (
				36E3F5DF1D123C700018B20B /* TabBarControllers.plist */,
				36E3F5B81D1235C80018B20B /* Assets.xcassets */,
			);
			name = Sources;
			sourceTree = "<group>";
		};
		59BF8747BBCF72CA12C851A3 /* Pods */ = {
			isa = PBXGroup;
			children = (
				A129741695A953345C7A92A0 /* Pods-iOS项目训练.debug.xcconfig */,
				BB8E233C26F38CDBA3A4DA61 /* Pods-iOS项目训练.release.xcconfig */,
			);
			name = Pods;
			sourceTree = "<group>";
		};
/* End PBXGroup section */

/* Begin PBXNativeTarget section */
		36E3F5A51D1235C80018B20B /* iOS项目训练 */ = {
			isa = PBXNativeTarget;
			buildConfigurationList = 36E3F5D61D1235C90018B20B /* Build configuration list for PBXNativeTarget "iOS项目训练" */;
			buildPhases = (
				AB45383BA96B0088D3ED3AD9 /* Check Pods Manifest.lock */,
				36E3F5A21D1235C80018B20B /* Sources */,
				36E3F5A31D1235C80018B20B /* Frameworks */,
				36E3F5A41D1235C80018B20B /* Resources */,
				2B440FF151AA52F8ABEBAA16 /* Embed Pods Frameworks */,
				576A7400D97DA416C17C503A /* Copy Pods Resources */,
			);
			buildRules = (
			);
			dependencies = (
			);
			name = "iOS项目训练";
			productName = "iOS项目训练";
			productReference = 36E3F5A61D1235C80018B20B /* iOS项目训练.app */;
			productType = "com.apple.product-type.application";
		};
		36E3F5C11D1235C90018B20B /* iOS项目训练Tests */ = {
			isa = PBXNativeTarget;
			buildConfigurationList = 36E3F5D91D1235C90018B20B /* Build configuration list for PBXNativeTarget "iOS项目训练Tests" */;
			buildPhases = (
				36E3F5BE1D1235C90018B20B /* Sources */,
				36E3F5BF1D1235C90018B20B /* Frameworks */,
				36E3F5C01D1235C90018B20B /* Resources */,
			);
			buildRules = (
			);
			dependencies = (
				36E3F5C41D1235C90018B20B /* PBXTargetDependency */,
			);
			name = "iOS项目训练Tests";
			productName = "iOS项目训练Tests";
			productReference = 36E3F5C21D1235C90018B20B /* iOS项目训练Tests.xctest */;
			productType = "com.apple.product-type.bundle.unit-test";
		};
		36E3F5CC1D1235C90018B20B /* iOS项目训练UITests */ = {
			isa = PBXNativeTarget;
			buildConfigurationList = 36E3F5DC1D1235C90018B20B /* Build configuration list for PBXNativeTarget "iOS项目训练UITests" */;
			buildPhases = (
				36E3F5C91D1235C90018B20B /* Sources */,
				36E3F5CA1D1235C90018B20B /* Frameworks */,
				36E3F5CB1D1235C90018B20B /* Resources */,
			);
			buildRules = (
			);
			dependencies = (
				36E3F5CF1D1235C90018B20B /* PBXTargetDependency */,
			);
			name = "iOS项目训练UITests";
			productName = "iOS项目训练UITests";
			productReference = 36E3F5CD1D1235C90018B20B /* iOS项目训练UITests.xctest */;
			productType = "com.apple.product-type.bundle.ui-testing";
		};
/* End PBXNativeTarget section */

/* Begin PBXProject section */
		36E3F59E1D1235C80018B20B /* Project object */ = {
			isa = PBXProject;
			attributes = {
				LastUpgradeCheck = 0730;
				ORGANIZATIONNAME = "北京尚学堂";
				TargetAttributes = {
					36E3F5A51D1235C80018B20B = {
						CreatedOnToolsVersion = 7.3;
					};
					36E3F5C11D1235C90018B20B = {
						CreatedOnToolsVersion = 7.3;
						TestTargetID = 36E3F5A51D1235C80018B20B;
					};
					36E3F5CC1D1235C90018B20B = {
						CreatedOnToolsVersion = 7.3;
						TestTargetID = 36E3F5A51D1235C80018B20B;
					};
				};
			};
			buildConfigurationList = 36E3F5A11D1235C80018B20B /* Build configuration list for PBXProject "iOS项目训练" */;
			compatibilityVersion = "Xcode 3.2";
			developmentRegion = English;
			hasScannedForEncodings = 0;
			knownRegions = (
				en,
				Base,
				"zh-Hans",
			);
			mainGroup = 36E3F59D1D1235C80018B20B;
			productRefGroup = 36E3F5A71D1235C80018B20B /* Products */;
			projectDirPath = "";
			projectRoot = "";
			targets = (
				36E3F5A51D1235C80018B20B /* iOS项目训练 */,
				36E3F5C11D1235C90018B20B /* iOS项目训练Tests */,
				36E3F5CC1D1235C90018B20B /* iOS项目训练UITests */,
			);
		};
/* End PBXProject section */

/* Begin PBXResourcesBuildPhase section */
		36E3F5A41D1235C80018B20B /* Resources */ = {
			isa = PBXResourcesBuildPhase;
			buildActionMask = 2147483647;
			files = (
				36A719C11D19659A006A2499 /* UMShareEditViewController.xib in Resources */,
				36A719BF1D19659A006A2499 /* UMSCommentInputController.xib in Resources */,
				36E3F5BC1D1235C80018B20B /* LaunchScreen.storyboard in Resources */,
				36A719E91D1965B2006A2499 /* TencentOpenApi_IOS_Bundle.bundle in Resources */,
				36A719BE1D19659A006A2499 /* UMSCommentDetailController.xib in Resources */,
				36A719C31D19659A006A2499 /* UMSLoginViewController.xib in Resources */,
				36A719EC1D1965B2006A2499 /* README.txt in Resources */,
				36A719C01D19659A006A2499 /* UMSCommentInputControlleriPad.xib in Resources */,
				36A719C21D19659A006A2499 /* UMShareEditViewControlleriPad.xib in Resources */,
				36E3F5B91D1235C80018B20B /* Assets.xcassets in Resources */,
				36A719BC1D19659A006A2499 /* UMSocialLocalizable.strings in Resources */,
				36E3F5E01D123C700018B20B /* TabBarControllers.plist in Resources */,
				36A719C41D19659A006A2499 /* UMSnsAccountViewController.xib in Resources */,
				36A719E61D1965B2006A2499 /* WeiboSDK.bundle in Resources */,
				36A719C51D19659A006A2499 /* UMSShareListController.xib in Resources */,
				36A719C61D19659A006A2499 /* UMSocialSDKResourcesNew.bundle in Resources */,
			);
			runOnlyForDeploymentPostprocessing = 0;
		};
		36E3F5C01D1235C90018B20B /* Resources */ = {
			isa = PBXResourcesBuildPhase;
			buildActionMask = 2147483647;
			files = (
			);
			runOnlyForDeploymentPostprocessing = 0;
		};
		36E3F5CB1D1235C90018B20B /* Resources */ = {
			isa = PBXResourcesBuildPhase;
			buildActionMask = 2147483647;
			files = (
			);
			runOnlyForDeploymentPostprocessing = 0;
		};
/* End PBXResourcesBuildPhase section */

/* Begin PBXShellScriptBuildPhase section */
		2B440FF151AA52F8ABEBAA16 /* Embed Pods Frameworks */ = {
			isa = PBXShellScriptBuildPhase;
			buildActionMask = 2147483647;
			files = (
			);
			inputPaths = (
			);
			name = "Embed Pods Frameworks";
			outputPaths = (
			);
			runOnlyForDeploymentPostprocessing = 0;
			shellPath = /bin/sh;
			shellScript = "\"${SRCROOT}/Pods/Target Support Files/Pods-iOS项目训练/Pods-iOS项目训练-frameworks.sh\"\n";
			showEnvVarsInLog = 0;
		};
		576A7400D97DA416C17C503A /* Copy Pods Resources */ = {
			isa = PBXShellScriptBuildPhase;
			buildActionMask = 2147483647;
			files = (
			);
			inputPaths = (
			);
			name = "Copy Pods Resources";
			outputPaths = (
			);
			runOnlyForDeploymentPostprocessing = 0;
			shellPath = /bin/sh;
			shellScript = "\"${SRCROOT}/Pods/Target Support Files/Pods-iOS项目训练/Pods-iOS项目训练-resources.sh\"\n";
			showEnvVarsInLog = 0;
		};
		AB45383BA96B0088D3ED3AD9 /* Check Pods Manifest.lock */ = {
			isa = PBXShellScriptBuildPhase;
			buildActionMask = 2147483647;
			files = (
			);
			inputPaths = (
			);
			name = "Check Pods Manifest.lock";
			outputPaths = (
			);
			runOnlyForDeploymentPostprocessing = 0;
			shellPath = /bin/sh;
			shellScript = "diff \"${PODS_ROOT}/../Podfile.lock\" \"${PODS_ROOT}/Manifest.lock\" > /dev/null\nif [[ $? != 0 ]] ; then\n    cat << EOM\nerror: The sandbox is not in sync with the Podfile.lock. Run 'pod install' or update your CocoaPods installation.\nEOM\n    exit 1\nfi\n";
			showEnvVarsInLog = 0;
		};
/* End PBXShellScriptBuildPhase section */

/* Begin PBXSourcesBuildPhase section */
		36E3F5A21D1235C80018B20B /* Sources */ = {
			isa = PBXSourcesBuildPhase;
			buildActionMask = 2147483647;
			files = (
				363579991D236E98001B0DBE /* DetailHeadImage.m in Sources */,
				361594FF1D1818990033B85A /* TabBarController.m in Sources */,
				363579AE1D23AB75001B0DBE /* GoodsImageListView.m in Sources */,
				36E3F5B71D1235C80018B20B /* iOS____.xcdatamodeld in Sources */,
				361987B51D22815400FE19DA /* EffectCollectionViewCell.m in Sources */,
				361986FF1D2227EF00FE19DA /* UIImageView+SDWebImage.m in Sources */,
				361595011D1818990033B85A /* TabBarItemModel.m in Sources */,
				361987AC1D227BC500FE19DA /* ClassCollectionModel.m in Sources */,
				361594FC1D1818990033B85A /* GWCViewController.m in Sources */,
				36AFB2EA1D214C0900CB0230 /* GropBuyTableViewCell.m in Sources */,
				361595131D183BD30033B85A /* LoginViewController.m in Sources */,
				361595021D1818990033B85A /* WDViewController.m in Sources */,
				361987AF1D227C2A00FE19DA /* ClassCollectionViewCell.m in Sources */,
				361987B81D22960C00FE19DA /* HeadCollectionReusableView.m in Sources */,
				363579A51D23A877001B0DBE /* DetailLabelModel.m in Sources */,
				361987BB1D229B9700FE19DA /* ClassCollectionView.m in Sources */,
				368942CA1D20D3B800479C0C /* RegisterNextViewController.m in Sources */,
				361594FE1D1818990033B85A /* NavigationController.m in Sources */,
				363579A21D23A27C001B0DBE /* SecPartDetailView.m in Sources */,
				368942CD1D20D78500479C0C /* RegisterNextView.m in Sources */,
				361987021D222B8300FE19DA /* TimerTableView.m in Sources */,
				361986F51D22230E00FE19DA /* GroupBuyModel.m in Sources */,
				363579AB1D23AA87001B0DBE /* GoodsImagListModel.m in Sources */,
				368942C41D20D03100479C0C /* BaseViewController.m in Sources */,
				3635799F1D23A073001B0DBE /* SecPartDetailModel.m in Sources */,
				361595041D1818990033B85A /* XSGViewController.m in Sources */,
				36AFB30A1D215F7300CB0230 /* ScrollViewModel.m in Sources */,
				361986EC1D22117900FE19DA /* TwoButtonView.m in Sources */,
				361594FB1D1818990033B85A /* FLViewController.m in Sources */,
				363579B11D23AD5A001B0DBE /* ShoppingCar.m in Sources */,
				361595001D1818990033B85A /* main.m in Sources */,
				361595161D183BE20033B85A /* RegisterViewController.m in Sources */,
				364AA56A1D21809B00750EC8 /* UIView+Toast.m in Sources */,
				361986F21D221F9900FE19DA /* SingleBuyTableViewCell.m in Sources */,
				361595071D181E7C0033B85A /* FastLogin.m in Sources */,
				3635799C1D237639001B0DBE /* DetailsViewController.m in Sources */,
				361986FD1D2227EF00FE19DA /* NSMutableAttributedString+Helper.m in Sources */,
				363579A81D23A8F2001B0DBE /* DetailAllLabelView.m in Sources */,
				361594FD1D1818990033B85A /* AppDelegate.m in Sources */,
				3615950A1D182FA40033B85A /* Register.m in Sources */,
				36023EFC1D18C833004D9F12 /* CustomTableViewCell.m in Sources */,
				361986EF1D221F2E00FE19DA /* SingleBuyModle.m in Sources */,
				361595031D1818990033B85A /* DLView.m in Sources */,
				361986FE1D2227EF00FE19DA /* NSString+Helper.m in Sources */,
				361987B21D227F8C00FE19DA /* EffectClassModel.m in Sources */,
			);
			runOnlyForDeploymentPostprocessing = 0;
		};
		36E3F5BE1D1235C90018B20B /* Sources */ = {
			isa = PBXSourcesBuildPhase;
			buildActionMask = 2147483647;
			files = (
				36E3F5C71D1235C90018B20B /* iOS____Tests.m in Sources */,
			);
			runOnlyForDeploymentPostprocessing = 0;
		};
		36E3F5C91D1235C90018B20B /* Sources */ = {
			isa = PBXSourcesBuildPhase;
			buildActionMask = 2147483647;
			files = (
				36E3F5D21D1235C90018B20B /* iOS____UITests.m in Sources */,
			);
			runOnlyForDeploymentPostprocessing = 0;
		};
/* End PBXSourcesBuildPhase section */

/* Begin PBXTargetDependency section */
		36E3F5C41D1235C90018B20B /* PBXTargetDependency */ = {
			isa = PBXTargetDependency;
			target = 36E3F5A51D1235C80018B20B /* iOS项目训练 */;
			targetProxy = 36E3F5C31D1235C90018B20B /* PBXContainerItemProxy */;
		};
		36E3F5CF1D1235C90018B20B /* PBXTargetDependency */ = {
			isa = PBXTargetDependency;
			target = 36E3F5A51D1235C80018B20B /* iOS项目训练 */;
			targetProxy = 36E3F5CE1D1235C90018B20B /* PBXContainerItemProxy */;
		};
/* End PBXTargetDependency section */

/* Begin PBXVariantGroup section */
		36A719A21D19659A006A2499 /* UMSocialLocalizable.strings */ = {
			isa = PBXVariantGroup;
			children = (
				36A719A31D19659A006A2499 /* en */,
				36A719BB1D19659A006A2499 /* zh-Hans */,
			);
			name = UMSocialLocalizable.strings;
			sourceTree = "<group>";
		};
		36E3F5BA1D1235C80018B20B /* LaunchScreen.storyboard */ = {
			isa = PBXVariantGroup;
			children = (
				36E3F5BB1D1235C80018B20B /* Base */,
			);
			name = LaunchScreen.storyboard;
			sourceTree = "<group>";
		};
/* End PBXVariantGroup section */

/* Begin XCBuildConfiguration section */
		36E3F5D41D1235C90018B20B /* Debug */ = {
			isa = XCBuildConfiguration;
			buildSettings = {
				ALWAYS_SEARCH_USER_PATHS = NO;
				CLANG_ANALYZER_NONNULL = YES;
				CLANG_CXX_LANGUAGE_STANDARD = "gnu++0x";
				CLANG_CXX_LIBRARY = "libc++";
				CLANG_ENABLE_MODULES = YES;
				CLANG_ENABLE_OBJC_ARC = YES;
				CLANG_WARN_BOOL_CONVERSION = YES;
				CLANG_WARN_CONSTANT_CONVERSION = YES;
				CLANG_WARN_DIRECT_OBJC_ISA_USAGE = YES_ERROR;
				CLANG_WARN_EMPTY_BODY = YES;
				CLANG_WARN_ENUM_CONVERSION = YES;
				CLANG_WARN_INT_CONVERSION = YES;
				CLANG_WARN_OBJC_ROOT_CLASS = YES_ERROR;
				CLANG_WARN_UNREACHABLE_CODE = YES;
				CLANG_WARN__DUPLICATE_METHOD_MATCH = YES;
				"CODE_SIGN_IDENTITY[sdk=iphoneos*]" = "iPhone Developer";
				COPY_PHASE_STRIP = NO;
				DEBUG_INFORMATION_FORMAT = dwarf;
				ENABLE_STRICT_OBJC_MSGSEND = YES;
				ENABLE_TESTABILITY = YES;
				GCC_C_LANGUAGE_STANDARD = gnu99;
				GCC_DYNAMIC_NO_PIC = NO;
				GCC_NO_COMMON_BLOCKS = YES;
				GCC_OPTIMIZATION_LEVEL = 0;
				GCC_PREPROCESSOR_DEFINITIONS = (
					"DEBUG=1",
					"$(inherited)",
				);
				GCC_WARN_64_TO_32_BIT_CONVERSION = YES;
				GCC_WARN_ABOUT_RETURN_TYPE = YES_ERROR;
				GCC_WARN_UNDECLARED_SELECTOR = YES;
				GCC_WARN_UNINITIALIZED_AUTOS = YES_AGGRESSIVE;
				GCC_WARN_UNUSED_FUNCTION = YES;
				GCC_WARN_UNUSED_VARIABLE = YES;
				IPHONEOS_DEPLOYMENT_TARGET = 9.3;
				MTL_ENABLE_DEBUG_INFO = YES;
				ONLY_ACTIVE_ARCH = YES;
				SDKROOT = iphoneos;
			};
			name = Debug;
		};
		36E3F5D51D1235C90018B20B /* Release */ = {
			isa = XCBuildConfiguration;
			buildSettings = {
				ALWAYS_SEARCH_USER_PATHS = NO;
				CLANG_ANALYZER_NONNULL = YES;
				CLANG_CXX_LANGUAGE_STANDARD = "gnu++0x";
				CLANG_CXX_LIBRARY = "libc++";
				CLANG_ENABLE_MODULES = YES;
				CLANG_ENABLE_OBJC_ARC = YES;
				CLANG_WARN_BOOL_CONVERSION = YES;
				CLANG_WARN_CONSTANT_CONVERSION = YES;
				CLANG_WARN_DIRECT_OBJC_ISA_USAGE = YES_ERROR;
				CLANG_WARN_EMPTY_BODY = YES;
				CLANG_WARN_ENUM_CONVERSION = YES;
				CLANG_WARN_INT_CONVERSION = YES;
				CLANG_WARN_OBJC_ROOT_CLASS = YES_ERROR;
				CLANG_WARN_UNREACHABLE_CODE = YES;
				CLANG_WARN__DUPLICATE_METHOD_MATCH = YES;
				"CODE_SIGN_IDENTITY[sdk=iphoneos*]" = "iPhone Developer";
				COPY_PHASE_STRIP = NO;
				DEBUG_INFORMATION_FORMAT = "dwarf-with-dsym";
				ENABLE_NS_ASSERTIONS = NO;
				ENABLE_STRICT_OBJC_MSGSEND = YES;
				GCC_C_LANGUAGE_STANDARD = gnu99;
				GCC_NO_COMMON_BLOCKS = YES;
				GCC_WARN_64_TO_32_BIT_CONVERSION = YES;
				GCC_WARN_ABOUT_RETURN_TYPE = YES_ERROR;
				GCC_WARN_UNDECLARED_SELECTOR = YES;
				GCC_WARN_UNINITIALIZED_AUTOS = YES_AGGRESSIVE;
				GCC_WARN_UNUSED_FUNCTION = YES;
				GCC_WARN_UNUSED_VARIABLE = YES;
				IPHONEOS_DEPLOYMENT_TARGET = 9.3;
				MTL_ENABLE_DEBUG_INFO = NO;
				SDKROOT = iphoneos;
				VALIDATE_PRODUCT = YES;
			};
			name = Release;
		};
		36E3F5D71D1235C90018B20B /* Debug */ = {
			isa = XCBuildConfiguration;
			baseConfigurationReference = A129741695A953345C7A92A0 /* Pods-iOS项目训练.debug.xcconfig */;
			buildSettings = {
				ASSETCATALOG_COMPILER_APPICON_NAME = AppIcon;
				CODE_SIGN_IDENTITY = "iPhone Developer";
				FRAMEWORK_SEARCH_PATHS = (
					"$(inherited)",
					"$(PROJECT_DIR)/TencentOpenAPI",
				);
				GCC_PRECOMPILE_PREFIX_HEADER = YES;
				GCC_PREFIX_HEADER = "$(PROJECT)/PrefixHeader.pch";
				INFOPLIST_FILE = "iOS项目训练/Info.plist";
				LD_RUNPATH_SEARCH_PATHS = "$(inherited) @executable_path/Frameworks";
				LIBRARY_SEARCH_PATHS = (
					"$(inherited)",
					"$(PROJECT_DIR)/UMSocial_Sdk_5.2.1",
					"$(PROJECT_DIR)/SinaSSO",
					"$(PROJECT_DIR)/TencentOpenAPI",
					"$(PROJECT_DIR)/Wechat",
				);
				PRODUCT_BUNDLE_IDENTIFIER = "com.bjsxt.iOS----";
				PRODUCT_NAME = "$(TARGET_NAME)";
			};
			name = Debug;
		};
		36E3F5D81D1235C90018B20B /* Release */ = {
			isa = XCBuildConfiguration;
			baseConfigurationReference = BB8E233C26F38CDBA3A4DA61 /* Pods-iOS项目训练.release.xcconfig */;
			buildSettings = {
				ASSETCATALOG_COMPILER_APPICON_NAME = AppIcon;
				CODE_SIGN_IDENTITY = "iPhone Developer";
				FRAMEWORK_SEARCH_PATHS = (
					"$(inherited)",
					"$(PROJECT_DIR)/TencentOpenAPI",
				);
				GCC_PRECOMPILE_PREFIX_HEADER = YES;
				GCC_PREFIX_HEADER = "$(PROJECT)/PrefixHeader.pch";
				INFOPLIST_FILE = "iOS项目训练/Info.plist";
				LD_RUNPATH_SEARCH_PATHS = "$(inherited) @executable_path/Frameworks";
				LIBRARY_SEARCH_PATHS = (
					"$(inherited)",
					"$(PROJECT_DIR)/UMSocial_Sdk_5.2.1",
					"$(PROJECT_DIR)/SinaSSO",
					"$(PROJECT_DIR)/TencentOpenAPI",
					"$(PROJECT_DIR)/Wechat",
				);
				PRODUCT_BUNDLE_IDENTIFIER = "com.bjsxt.iOS----";
				PRODUCT_NAME = "$(TARGET_NAME)";
			};
			name = Release;
		};
		36E3F5DA1D1235C90018B20B /* Debug */ = {
			isa = XCBuildConfiguration;
			buildSettings = {
				BUNDLE_LOADER = "$(TEST_HOST)";
				INFOPLIST_FILE = "iOS项目训练Tests/Info.plist";
				LD_RUNPATH_SEARCH_PATHS = "$(inherited) @executable_path/Frameworks @loader_path/Frameworks";
				PRODUCT_BUNDLE_IDENTIFIER = "com.bjsxt.iOS----Tests";
				PRODUCT_NAME = "$(TARGET_NAME)";
				TEST_HOST = "$(BUILT_PRODUCTS_DIR)/iOS项目训练.app/iOS项目训练";
			};
			name = Debug;
		};
		36E3F5DB1D1235C90018B20B /* Release */ = {
			isa = XCBuildConfiguration;
			buildSettings = {
				BUNDLE_LOADER = "$(TEST_HOST)";
				INFOPLIST_FILE = "iOS项目训练Tests/Info.plist";
				LD_RUNPATH_SEARCH_PATHS = "$(inherited) @executable_path/Frameworks @loader_path/Frameworks";
				PRODUCT_BUNDLE_IDENTIFIER = "com.bjsxt.iOS----Tests";
				PRODUCT_NAME = "$(TARGET_NAME)";
				TEST_HOST = "$(BUILT_PRODUCTS_DIR)/iOS项目训练.app/iOS项目训练";
			};
			name = Release;
		};
		36E3F5DD1D1235C90018B20B /* Debug */ = {
			isa = XCBuildConfiguration;
			buildSettings = {
				INFOPLIST_FILE = "iOS项目训练UITests/Info.plist";
				LD_RUNPATH_SEARCH_PATHS = "$(inherited) @executable_path/Frameworks @loader_path/Frameworks";
				PRODUCT_BUNDLE_IDENTIFIER = "com.bjsxt.iOS----UITests";
				PRODUCT_NAME = "$(TARGET_NAME)";
				TEST_TARGET_NAME = "iOS项目训练";
			};
			name = Debug;
		};
		36E3F5DE1D1235C90018B20B /* Release */ = {
			isa = XCBuildConfiguration;
			buildSettings = {
				INFOPLIST_FILE = "iOS项目训练UITests/Info.plist";
				LD_RUNPATH_SEARCH_PATHS = "$(inherited) @executable_path/Frameworks @loader_path/Frameworks";
				PRODUCT_BUNDLE_IDENTIFIER = "com.bjsxt.iOS----UITests";
				PRODUCT_NAME = "$(TARGET_NAME)";
				TEST_TARGET_NAME = "iOS项目训练";
			};
			name = Release;
		};
/* End XCBuildConfiguration section */

/* Begin XCConfigurationList section */
		36E3F5A11D1235C80018B20B /* Build configuration list for PBXProject "iOS项目训练" */ = {
			isa = XCConfigurationList;
			buildConfigurations = (
				36E3F5D41D1235C90018B20B /* Debug */,
				36E3F5D51D1235C90018B20B /* Release */,
			);
			defaultConfigurationIsVisible = 0;
			defaultConfigurationName = Release;
		};
		36E3F5D61D1235C90018B20B /* Build configuration list for PBXNativeTarget "iOS项目训练" */ = {
			isa = XCConfigurationList;
			buildConfigurations = (
				36E3F5D71D1235C90018B20B /* Debug */,
				36E3F5D81D1235C90018B20B /* Release */,
			);
			defaultConfigurationIsVisible = 0;
			defaultConfigurationName = Release;
		};
		36E3F5D91D1235C90018B20B /* Build configuration list for PBXNativeTarget "iOS项目训练Tests" */ = {
			isa = XCConfigurationList;
			buildConfigurations = (
				36E3F5DA1D1235C90018B20B /* Debug */,
				36E3F5DB1D1235C90018B20B /* Release */,
			);
			defaultConfigurationIsVisible = 0;
			defaultConfigurationName = Release;
		};
		36E3F5DC1D1235C90018B20B /* Build configuration list for PBXNativeTarget "iOS项目训练UITests" */ = {
			isa = XCConfigurationList;
			buildConfigurations = (
				36E3F5DD1D1235C90018B20B /* Debug */,
				36E3F5DE1D1235C90018B20B /* Release */,
			);
			defaultConfigurationIsVisible = 0;
			defaultConfigurationName = Release;
		};
/* End XCConfigurationList section */

/* Begin XCVersionGroup section */
		36E3F5B51D1235C80018B20B /* iOS____.xcdatamodeld */ = {
			isa = XCVersionGroup;
			children = (
				36E3F5B61D1235C80018B20B /* iOS____.xcdatamodel */,
			);
			currentVersion = 36E3F5B61D1235C80018B20B /* iOS____.xcdatamodel */;
			path = "iOS____.xcdatamodeld";
			sourceTree = "<group>";
			versionGroupType = wrapper.xcdatamodel;
		};
/* End XCVersionGroup section */
	};
	rootObject = 36E3F59E1D1235C80018B20B /* Project object */;
}
